// !$*UTF8*$!
{
	archiveVersion = 1;
	classes = {
	};
	objectVersion = 46;
	objects = {

/* Begin PBXBuildFile section */
		0CBE0349DCE5CF755E4CD7B3 /* libPods.a in Frameworks */ = {isa = PBXBuildFile; fileRef = E2E162750A4A629A9920BC60 /* libPods.a */; };
		1A0E492A1ACA70980062F829 /* LearnViewController.m in Sources */ = {isa = PBXBuildFile; fileRef = 1A0E49291ACA70980062F829 /* LearnViewController.m */; };
		1A289ED01ACE68AB006BC750 /* login_conf.json in Resources */ = {isa = PBXBuildFile; fileRef = 1A289ECE1ACE68AB006BC750 /* login_conf.json */; };
		1A289ED11ACE68AB006BC750 /* login_response.json in Resources */ = {isa = PBXBuildFile; fileRef = 1A289ECF1ACE68AB006BC750 /* login_response.json */; };
		1A289ED41ACE7168006BC750 /* LearnViewControllerSpec.m in Sources */ = {isa = PBXBuildFile; fileRef = 1A289ED31ACE7168006BC750 /* LearnViewControllerSpec.m */; };
		1A289ED61ACE728D006BC750 /* LoginClientSpec.m in Sources */ = {isa = PBXBuildFile; fileRef = 1A289ED51ACE728D006BC750 /* LoginClientSpec.m */; };
		1A289ED91ACE72B0006BC750 /* LoginClient.m in Sources */ = {isa = PBXBuildFile; fileRef = 1A289ED81ACE72B0006BC750 /* LoginClient.m */; };
		1A30CF7F1ACAA4BB004CA714 /* LoginViewController.m in Sources */ = {isa = PBXBuildFile; fileRef = 1A30CF7E1ACAA4BB004CA714 /* LoginViewController.m */; };
		1A30CF811ACAA6AB004CA714 /* LoginViewControllerSpec.m in Sources */ = {isa = PBXBuildFile; fileRef = 1A30CF801ACAA6AB004CA714 /* LoginViewControllerSpec.m */; };
		1A3ED4D31AC53EBB00F052AE /* StoryViewController.m in Sources */ = {isa = PBXBuildFile; fileRef = 1A3ED4D21AC53EBB00F052AE /* StoryViewController.m */; };
		1A3ED5101AC6B5F600F052AE /* ArrayDataSource.m in Sources */ = {isa = PBXBuildFile; fileRef = 1A3ED50F1AC6B5F600F052AE /* ArrayDataSource.m */; };
		1A3ED5171AC6B97300F052AE /* ArrayDataSourceSpec.m in Sources */ = {isa = PBXBuildFile; fileRef = 1A3ED5161AC6B97300F052AE /* ArrayDataSourceSpec.m */; };
		1A5041B71AC30EF6006D25FC /* main.m in Sources */ = {isa = PBXBuildFile; fileRef = 1A5041B61AC30EF6006D25FC /* main.m */; };
		1A5041C01AC30EF6006D25FC /* Main.storyboard in Resources */ = {isa = PBXBuildFile; fileRef = 1A5041BE1AC30EF6006D25FC /* Main.storyboard */; };
		1A5041C21AC30EF6006D25FC /* Images.xcassets in Resources */ = {isa = PBXBuildFile; fileRef = 1A5041C11AC30EF6006D25FC /* Images.xcassets */; };
		1A5041C51AC30EF6006D25FC /* LaunchScreen.xib in Resources */ = {isa = PBXBuildFile; fileRef = 1A5041C31AC30EF6006D25FC /* LaunchScreen.xib */; };
		1A5807D41AC6F7FB006F64D0 /* DesignerNewsURL.m in Sources */ = {isa = PBXBuildFile; fileRef = 1A5807D31AC6F7FB006F64D0 /* DesignerNewsURL.m */; };
		1A5807D71AC6F99D006F64D0 /* DesignerNewsURLSpec.m in Sources */ = {isa = PBXBuildFile; fileRef = 1A5807D61AC6F99D006F64D0 /* DesignerNewsURLSpec.m */; };
		1A5807DA1AC70BC9006F64D0 /* StoryClient.m in Sources */ = {isa = PBXBuildFile; fileRef = 1A5807D91AC70BC9006F64D0 /* StoryClient.m */; };
		1A5807E31AC7120F006F64D0 /* StoryClientSpec.m in Sources */ = {isa = PBXBuildFile; fileRef = 1A5807E21AC7120F006F64D0 /* StoryClientSpec.m */; };
		1A5807EA1AC7A708006F64D0 /* stories_response.json in Resources */ = {isa = PBXBuildFile; fileRef = 1A5807E81AC7A708006F64D0 /* stories_response.json */; };
		1A5807EB1AC7A708006F64D0 /* stories_conf.json in Resources */ = {isa = PBXBuildFile; fileRef = 1A5807E91AC7A708006F64D0 /* stories_conf.json */; };
		1A5807EE1AC824CB006F64D0 /* StorySpec.m in Sources */ = {isa = PBXBuildFile; fileRef = 1A5807ED1AC824CB006F64D0 /* StorySpec.m */; };
		1A5807F21AC826D3006F64D0 /* TestHelper.m in Sources */ = {isa = PBXBuildFile; fileRef = 1A5807F11AC826D3006F64D0 /* TestHelper.m */; };
		1A5807FF1AC8B43B006F64D0 /* StoryViewModelSpec.m in Sources */ = {isa = PBXBuildFile; fileRef = 1A5807FE1AC8B43B006F64D0 /* StoryViewModelSpec.m */; };
		1A6B8E311AC8E6B20021CDE4 /* StoryTableViewCell.m in Sources */ = {isa = PBXBuildFile; fileRef = 1A6B8E301AC8E6B20021CDE4 /* StoryTableViewCell.m */; };
		1A6B8E351AC8FF030021CDE4 /* MenuViewController.m in Sources */ = {isa = PBXBuildFile; fileRef = 1A6B8E341AC8FF030021CDE4 /* MenuViewController.m */; };
		1A6B8E371AC924EB0021CDE4 /* StoryViewControllerSpec.m in Sources */ = {isa = PBXBuildFile; fileRef = 1A6B8E361AC924EB0021CDE4 /* StoryViewControllerSpec.m */; };
		1A6B8E3F1AC93AB80021CDE4 /* UIBarButtonItem+Specs.m in Sources */ = {isa = PBXBuildFile; fileRef = 1A6B8E3A1AC93AB80021CDE4 /* UIBarButtonItem+Specs.m */; };
		1A6B8E401AC93AB80021CDE4 /* UIButton+Specs.m in Sources */ = {isa = PBXBuildFile; fileRef = 1A6B8E3C1AC93AB80021CDE4 /* UIButton+Specs.m */; };
		1A6B8E411AC93AB80021CDE4 /* UIView+Specs.m in Sources */ = {isa = PBXBuildFile; fileRef = 1A6B8E3E1AC93AB80021CDE4 /* UIView+Specs.m */; };
		1A6B8E431AC93B4C0021CDE4 /* MenuViewControllerSpec.m in Sources */ = {isa = PBXBuildFile; fileRef = 1A6B8E421AC93B4C0021CDE4 /* MenuViewControllerSpec.m */; };
		1A9D3A821AC6E4E800296A0C /* StoryViewModel.m in Sources */ = {isa = PBXBuildFile; fileRef = 1A9D3A811AC6E4E800296A0C /* StoryViewModel.m */; };
		1A9D3A851AC6E96B00296A0C /* Story.m in Sources */ = {isa = PBXBuildFile; fileRef = 1A9D3A841AC6E96B00296A0C /* Story.m */; };
		1A9FEAB81AC9500D006EA4D4 /* UIViewController+Storyboard.m in Sources */ = {isa = PBXBuildFile; fileRef = 1A9FEAB71AC9500D006EA4D4 /* UIViewController+Storyboard.m */; };
		1AABBFD11AD26C0900FC86A7 /* LocalStore.m in Sources */ = {isa = PBXBuildFile; fileRef = 1AABBFD01AD26C0900FC86A7 /* LocalStore.m */; };
		1AABBFD41AD26C9C00FC86A7 /* LocalStoreSpec.m in Sources */ = {isa = PBXBuildFile; fileRef = 1AABBFD31AD26C9C00FC86A7 /* LocalStoreSpec.m */; };
		1AD915781AC3156100B6F6A2 /* AppDelegate.m in Sources */ = {isa = PBXBuildFile; fileRef = 1AD915771AC3156100B6F6A2 /* AppDelegate.m */; };
		1AE4DDF81AD3AE7800DA7CFB /* story_upvote_conf.json in Resources */ = {isa = PBXBuildFile; fileRef = 1AE4DDF71AD3AE7800DA7CFB /* story_upvote_conf.json */; };
		1AE4DDFA1AD3AE9800DA7CFB /* story_upvote_response.json in Resources */ = {isa = PBXBuildFile; fileRef = 1AE4DDF91AD3AE9800DA7CFB /* story_upvote_response.json */; };
		1AE61D341ACCD6AF00A84B96 /* LoginViewModel.m in Sources */ = {isa = PBXBuildFile; fileRef = 1AE61D331ACCD6AF00A84B96 /* LoginViewModel.m */; };
		1AE61D361ACCDB2600A84B96 /* LoginViewModelSpec.m in Sources */ = {isa = PBXBuildFile; fileRef = 1AE61D351ACCDB2600A84B96 /* LoginViewModelSpec.m */; };
		1AE61D391ACCE1FF00A84B96 /* NSString+Check.m in Sources */ = {isa = PBXBuildFile; fileRef = 1AE61D381ACCE1FF00A84B96 /* NSString+Check.m */; };
		1AEF79B61AC31BBE002DF6D0 /* AsyncButton.swift in Sources */ = {isa = PBXBuildFile; fileRef = 1AEF79981AC31BBE002DF6D0 /* AsyncButton.swift */; };
		1AEF79B71AC31BBE002DF6D0 /* AsyncImageView.swift in Sources */ = {isa = PBXBuildFile; fileRef = 1AEF79991AC31BBE002DF6D0 /* AsyncImageView.swift */; };
		1AEF79B81AC31BBE002DF6D0 /* AutoTextView.swift in Sources */ = {isa = PBXBuildFile; fileRef = 1AEF799A1AC31BBE002DF6D0 /* AutoTextView.swift */; };
		1AEF79B91AC31BBE002DF6D0 /* BlurView.swift in Sources */ = {isa = PBXBuildFile; fileRef = 1AEF799B1AC31BBE002DF6D0 /* BlurView.swift */; };
		1AEF79BA1AC31BBE002DF6D0 /* DesignableButton.swift in Sources */ = {isa = PBXBuildFile; fileRef = 1AEF799C1AC31BBE002DF6D0 /* DesignableButton.swift */; };
		1AEF79BB1AC31BBE002DF6D0 /* DesignableImageView.swift in Sources */ = {isa = PBXBuildFile; fileRef = 1AEF799D1AC31BBE002DF6D0 /* DesignableImageView.swift */; };
		1AEF79BC1AC31BBE002DF6D0 /* DesignableLabel.swift in Sources */ = {isa = PBXBuildFile; fileRef = 1AEF799E1AC31BBE002DF6D0 /* DesignableLabel.swift */; };
		1AEF79BD1AC31BBE002DF6D0 /* DesignableTabBarController.swift in Sources */ = {isa = PBXBuildFile; fileRef = 1AEF799F1AC31BBE002DF6D0 /* DesignableTabBarController.swift */; };
		1AEF79BE1AC31BBE002DF6D0 /* DesignableTextField.swift in Sources */ = {isa = PBXBuildFile; fileRef = 1AEF79A01AC31BBE002DF6D0 /* DesignableTextField.swift */; };
		1AEF79BF1AC31BBE002DF6D0 /* DesignableTextView.swift in Sources */ = {isa = PBXBuildFile; fileRef = 1AEF79A11AC31BBE002DF6D0 /* DesignableTextView.swift */; };
		1AEF79C01AC31BBE002DF6D0 /* DesignableView.swift in Sources */ = {isa = PBXBuildFile; fileRef = 1AEF79A21AC31BBE002DF6D0 /* DesignableView.swift */; };
		1AEF79C11AC31BBE002DF6D0 /* ImageLoader.swift in Sources */ = {isa = PBXBuildFile; fileRef = 1AEF79A31AC31BBE002DF6D0 /* ImageLoader.swift */; };
		1AEF79C21AC31BBE002DF6D0 /* Info.plist in Resources */ = {isa = PBXBuildFile; fileRef = 1AEF79A41AC31BBE002DF6D0 /* Info.plist */; };
		1AEF79C31AC31BBE002DF6D0 /* KeyboardLayoutConstraint.swift in Sources */ = {isa = PBXBuildFile; fileRef = 1AEF79A51AC31BBE002DF6D0 /* KeyboardLayoutConstraint.swift */; };
		1AEF79C41AC31BBE002DF6D0 /* LoadingView.swift in Sources */ = {isa = PBXBuildFile; fileRef = 1AEF79A61AC31BBE002DF6D0 /* LoadingView.swift */; };
		1AEF79C51AC31BBE002DF6D0 /* LoadingView.xib in Resources */ = {isa = PBXBuildFile; fileRef = 1AEF79A71AC31BBE002DF6D0 /* LoadingView.xib */; };
		1AEF79C61AC31BBE002DF6D0 /* Misc.swift in Sources */ = {isa = PBXBuildFile; fileRef = 1AEF79A81AC31BBE002DF6D0 /* Misc.swift */; };
		1AEF79C71AC31BBE002DF6D0 /* SoundPlayer.swift in Sources */ = {isa = PBXBuildFile; fileRef = 1AEF79A91AC31BBE002DF6D0 /* SoundPlayer.swift */; };
		1AEF79C81AC31BBE002DF6D0 /* Spring.swift in Sources */ = {isa = PBXBuildFile; fileRef = 1AEF79AB1AC31BBE002DF6D0 /* Spring.swift */; };
		1AEF79C91AC31BBE002DF6D0 /* SpringAnimation.swift in Sources */ = {isa = PBXBuildFile; fileRef = 1AEF79AC1AC31BBE002DF6D0 /* SpringAnimation.swift */; };
		1AEF79CA1AC31BBE002DF6D0 /* SpringButton.swift in Sources */ = {isa = PBXBuildFile; fileRef = 1AEF79AD1AC31BBE002DF6D0 /* SpringButton.swift */; };
		1AEF79CB1AC31BBE002DF6D0 /* SpringImageView.swift in Sources */ = {isa = PBXBuildFile; fileRef = 1AEF79AE1AC31BBE002DF6D0 /* SpringImageView.swift */; };
		1AEF79CC1AC31BBE002DF6D0 /* SpringLabel.swift in Sources */ = {isa = PBXBuildFile; fileRef = 1AEF79AF1AC31BBE002DF6D0 /* SpringLabel.swift */; };
		1AEF79CD1AC31BBE002DF6D0 /* SpringTextField.swift in Sources */ = {isa = PBXBuildFile; fileRef = 1AEF79B01AC31BBE002DF6D0 /* SpringTextField.swift */; };
		1AEF79CE1AC31BBE002DF6D0 /* SpringTextView.swift in Sources */ = {isa = PBXBuildFile; fileRef = 1AEF79B11AC31BBE002DF6D0 /* SpringTextView.swift */; };
		1AEF79CF1AC31BBE002DF6D0 /* SpringView.swift in Sources */ = {isa = PBXBuildFile; fileRef = 1AEF79B21AC31BBE002DF6D0 /* SpringView.swift */; };
		1AEF79D01AC31BBE002DF6D0 /* TransitionManager.swift in Sources */ = {isa = PBXBuildFile; fileRef = 1AEF79B31AC31BBE002DF6D0 /* TransitionManager.swift */; };
		1AEF79D11AC31BBE002DF6D0 /* TransitionZoom.swift in Sources */ = {isa = PBXBuildFile; fileRef = 1AEF79B41AC31BBE002DF6D0 /* TransitionZoom.swift */; };
		1AEF79D21AC31BBE002DF6D0 /* UnwindSegue.swift in Sources */ = {isa = PBXBuildFile; fileRef = 1AEF79B51AC31BBE002DF6D0 /* UnwindSegue.swift */; };
		68F72051E2E91FB0BB45F73C /* libPods-DesignerNewsForObjcTests.a in Frameworks */ = {isa = PBXBuildFile; fileRef = 5337F5F168AD58FCA20455BE /* libPods-DesignerNewsForObjcTests.a */; };
/* End PBXBuildFile section */

/* Begin PBXContainerItemProxy section */
		1A5041CB1AC30EF6006D25FC /* PBXContainerItemProxy */ = {
			isa = PBXContainerItemProxy;
			containerPortal = 1A5041A91AC30EF6006D25FC /* Project object */;
			proxyType = 1;
			remoteGlobalIDString = 1A5041B01AC30EF6006D25FC;
			remoteInfo = DesignerNewsForObjc;
		};
/* End PBXContainerItemProxy section */

/* Begin PBXFileReference section */
		1A0E49281ACA70980062F829 /* LearnViewController.h */ = {isa = PBXFileReference; fileEncoding = 4; lastKnownFileType = sourcecode.c.h; path = LearnViewController.h; sourceTree = "<group>"; };
		1A0E49291ACA70980062F829 /* LearnViewController.m */ = {isa = PBXFileReference; fileEncoding = 4; lastKnownFileType = sourcecode.c.objc; path = LearnViewController.m; sourceTree = "<group>"; };
		1A289ECE1ACE68AB006BC750 /* login_conf.json */ = {isa = PBXFileReference; fileEncoding = 4; lastKnownFileType = text.json; path = login_conf.json; sourceTree = "<group>"; };
		1A289ECF1ACE68AB006BC750 /* login_response.json */ = {isa = PBXFileReference; fileEncoding = 4; lastKnownFileType = text.json; path = login_response.json; sourceTree = "<group>"; };
		1A289ED31ACE7168006BC750 /* LearnViewControllerSpec.m */ = {isa = PBXFileReference; fileEncoding = 4; lastKnownFileType = sourcecode.c.objc; path = LearnViewControllerSpec.m; sourceTree = "<group>"; };
		1A289ED51ACE728D006BC750 /* LoginClientSpec.m */ = {isa = PBXFileReference; fileEncoding = 4; lastKnownFileType = sourcecode.c.objc; path = LoginClientSpec.m; sourceTree = "<group>"; };
		1A289ED71ACE72B0006BC750 /* LoginClient.h */ = {isa = PBXFileReference; fileEncoding = 4; lastKnownFileType = sourcecode.c.h; path = LoginClient.h; sourceTree = "<group>"; };
		1A289ED81ACE72B0006BC750 /* LoginClient.m */ = {isa = PBXFileReference; fileEncoding = 4; lastKnownFileType = sourcecode.c.objc; path = LoginClient.m; sourceTree = "<group>"; };
		1A30CF7D1ACAA4BB004CA714 /* LoginViewController.h */ = {isa = PBXFileReference; fileEncoding = 4; lastKnownFileType = sourcecode.c.h; path = LoginViewController.h; sourceTree = "<group>"; };
		1A30CF7E1ACAA4BB004CA714 /* LoginViewController.m */ = {isa = PBXFileReference; fileEncoding = 4; lastKnownFileType = sourcecode.c.objc; path = LoginViewController.m; sourceTree = "<group>"; };
		1A30CF801ACAA6AB004CA714 /* LoginViewControllerSpec.m */ = {isa = PBXFileReference; fileEncoding = 4; lastKnownFileType = sourcecode.c.objc; path = LoginViewControllerSpec.m; sourceTree = "<group>"; };
		1A3ED4D11AC53EBB00F052AE /* StoryViewController.h */ = {isa = PBXFileReference; fileEncoding = 4; lastKnownFileType = sourcecode.c.h; path = StoryViewController.h; sourceTree = "<group>"; };
		1A3ED4D21AC53EBB00F052AE /* StoryViewController.m */ = {isa = PBXFileReference; fileEncoding = 4; lastKnownFileType = sourcecode.c.objc; path = StoryViewController.m; sourceTree = "<group>"; };
		1A3ED50E1AC6B5F600F052AE /* ArrayDataSource.h */ = {isa = PBXFileReference; fileEncoding = 4; lastKnownFileType = sourcecode.c.h; path = ArrayDataSource.h; sourceTree = "<group>"; };
		1A3ED50F1AC6B5F600F052AE /* ArrayDataSource.m */ = {isa = PBXFileReference; fileEncoding = 4; lastKnownFileType = sourcecode.c.objc; path = ArrayDataSource.m; sourceTree = "<group>"; };
		1A3ED5161AC6B97300F052AE /* ArrayDataSourceSpec.m */ = {isa = PBXFileReference; fileEncoding = 4; lastKnownFileType = sourcecode.c.objc; path = ArrayDataSourceSpec.m; sourceTree = "<group>"; };
		1A5041B11AC30EF6006D25FC /* DesignerNewsForObjc.app */ = {isa = PBXFileReference; explicitFileType = wrapper.application; includeInIndex = 0; path = DesignerNewsForObjc.app; sourceTree = BUILT_PRODUCTS_DIR; };
		1A5041B51AC30EF6006D25FC /* Info.plist */ = {isa = PBXFileReference; lastKnownFileType = text.plist.xml; path = Info.plist; sourceTree = "<group>"; };
		1A5041B61AC30EF6006D25FC /* main.m */ = {isa = PBXFileReference; lastKnownFileType = sourcecode.c.objc; path = main.m; sourceTree = "<group>"; };
		1A5041BF1AC30EF6006D25FC /* Base */ = {isa = PBXFileReference; lastKnownFileType = file.storyboard; name = Base; path = Base.lproj/Main.storyboard; sourceTree = "<group>"; };
		1A5041C11AC30EF6006D25FC /* Images.xcassets */ = {isa = PBXFileReference; lastKnownFileType = folder.assetcatalog; path = Images.xcassets; sourceTree = "<group>"; };
		1A5041C41AC30EF6006D25FC /* Base */ = {isa = PBXFileReference; lastKnownFileType = file.xib; name = Base; path = Base.lproj/LaunchScreen.xib; sourceTree = "<group>"; };
		1A5041CA1AC30EF6006D25FC /* DesignerNewsForObjcTests.xctest */ = {isa = PBXFileReference; explicitFileType = wrapper.cfbundle; includeInIndex = 0; path = DesignerNewsForObjcTests.xctest; sourceTree = BUILT_PRODUCTS_DIR; };
		1A5041CF1AC30EF6006D25FC /* Info.plist */ = {isa = PBXFileReference; lastKnownFileType = text.plist.xml; path = Info.plist; sourceTree = "<group>"; };
		1A5807D21AC6F7FB006F64D0 /* DesignerNewsURL.h */ = {isa = PBXFileReference; fileEncoding = 4; lastKnownFileType = sourcecode.c.h; path = DesignerNewsURL.h; sourceTree = "<group>"; };
		1A5807D31AC6F7FB006F64D0 /* DesignerNewsURL.m */ = {isa = PBXFileReference; fileEncoding = 4; lastKnownFileType = sourcecode.c.objc; path = DesignerNewsURL.m; sourceTree = "<group>"; };
		1A5807D61AC6F99D006F64D0 /* DesignerNewsURLSpec.m */ = {isa = PBXFileReference; fileEncoding = 4; lastKnownFileType = sourcecode.c.objc; path = DesignerNewsURLSpec.m; sourceTree = "<group>"; };
		1A5807D81AC70BC9006F64D0 /* StoryClient.h */ = {isa = PBXFileReference; fileEncoding = 4; lastKnownFileType = sourcecode.c.h; path = StoryClient.h; sourceTree = "<group>"; };
		1A5807D91AC70BC9006F64D0 /* StoryClient.m */ = {isa = PBXFileReference; fileEncoding = 4; lastKnownFileType = sourcecode.c.objc; path = StoryClient.m; sourceTree = "<group>"; };
		1A5807E21AC7120F006F64D0 /* StoryClientSpec.m */ = {isa = PBXFileReference; fileEncoding = 4; lastKnownFileType = sourcecode.c.objc; path = StoryClientSpec.m; sourceTree = "<group>"; };
		1A5807E81AC7A708006F64D0 /* stories_response.json */ = {isa = PBXFileReference; fileEncoding = 4; lastKnownFileType = text.json; path = stories_response.json; sourceTree = "<group>"; };
		1A5807E91AC7A708006F64D0 /* stories_conf.json */ = {isa = PBXFileReference; fileEncoding = 4; lastKnownFileType = text.json; path = stories_conf.json; sourceTree = "<group>"; };
		1A5807ED1AC824CB006F64D0 /* StorySpec.m */ = {isa = PBXFileReference; fileEncoding = 4; lastKnownFileType = sourcecode.c.objc; path = StorySpec.m; sourceTree = "<group>"; };
		1A5807F01AC826D3006F64D0 /* TestHelper.h */ = {isa = PBXFileReference; fileEncoding = 4; lastKnownFileType = sourcecode.c.h; path = TestHelper.h; sourceTree = "<group>"; };
		1A5807F11AC826D3006F64D0 /* TestHelper.m */ = {isa = PBXFileReference; fileEncoding = 4; lastKnownFileType = sourcecode.c.objc; path = TestHelper.m; sourceTree = "<group>"; };
		1A5807FD1AC83CEF006F64D0 /* DesignerNewsForObjc-Bridging-Header.h */ = {isa = PBXFileReference; lastKnownFileType = sourcecode.c.h; path = "DesignerNewsForObjc-Bridging-Header.h"; sourceTree = "<group>"; };
		1A5807FE1AC8B43B006F64D0 /* StoryViewModelSpec.m */ = {isa = PBXFileReference; fileEncoding = 4; lastKnownFileType = sourcecode.c.objc; path = StoryViewModelSpec.m; sourceTree = "<group>"; };
		1A6B8E2F1AC8E6B20021CDE4 /* StoryTableViewCell.h */ = {isa = PBXFileReference; fileEncoding = 4; lastKnownFileType = sourcecode.c.h; path = StoryTableViewCell.h; sourceTree = "<group>"; };
		1A6B8E301AC8E6B20021CDE4 /* StoryTableViewCell.m */ = {isa = PBXFileReference; fileEncoding = 4; lastKnownFileType = sourcecode.c.objc; path = StoryTableViewCell.m; sourceTree = "<group>"; };
		1A6B8E331AC8FF030021CDE4 /* MenuViewController.h */ = {isa = PBXFileReference; fileEncoding = 4; lastKnownFileType = sourcecode.c.h; path = MenuViewController.h; sourceTree = "<group>"; };
		1A6B8E341AC8FF030021CDE4 /* MenuViewController.m */ = {isa = PBXFileReference; fileEncoding = 4; lastKnownFileType = sourcecode.c.objc; path = MenuViewController.m; sourceTree = "<group>"; };
		1A6B8E361AC924EB0021CDE4 /* StoryViewControllerSpec.m */ = {isa = PBXFileReference; fileEncoding = 4; lastKnownFileType = sourcecode.c.objc; path = StoryViewControllerSpec.m; sourceTree = "<group>"; };
		1A6B8E391AC93AB80021CDE4 /* UIBarButtonItem+Specs.h */ = {isa = PBXFileReference; fileEncoding = 4; lastKnownFileType = sourcecode.c.h; path = "UIBarButtonItem+Specs.h"; sourceTree = "<group>"; };
		1A6B8E3A1AC93AB80021CDE4 /* UIBarButtonItem+Specs.m */ = {isa = PBXFileReference; fileEncoding = 4; lastKnownFileType = sourcecode.c.objc; path = "UIBarButtonItem+Specs.m"; sourceTree = "<group>"; };
		1A6B8E3B1AC93AB80021CDE4 /* UIButton+Specs.h */ = {isa = PBXFileReference; fileEncoding = 4; lastKnownFileType = sourcecode.c.h; path = "UIButton+Specs.h"; sourceTree = "<group>"; };
		1A6B8E3C1AC93AB80021CDE4 /* UIButton+Specs.m */ = {isa = PBXFileReference; fileEncoding = 4; lastKnownFileType = sourcecode.c.objc; path = "UIButton+Specs.m"; sourceTree = "<group>"; };
		1A6B8E3D1AC93AB80021CDE4 /* UIView+Specs.h */ = {isa = PBXFileReference; fileEncoding = 4; lastKnownFileType = sourcecode.c.h; path = "UIView+Specs.h"; sourceTree = "<group>"; };
		1A6B8E3E1AC93AB80021CDE4 /* UIView+Specs.m */ = {isa = PBXFileReference; fileEncoding = 4; lastKnownFileType = sourcecode.c.objc; path = "UIView+Specs.m"; sourceTree = "<group>"; };
		1A6B8E421AC93B4C0021CDE4 /* MenuViewControllerSpec.m */ = {isa = PBXFileReference; fileEncoding = 4; lastKnownFileType = sourcecode.c.objc; path = MenuViewControllerSpec.m; sourceTree = "<group>"; };
		1A9D3A801AC6E4E800296A0C /* StoryViewModel.h */ = {isa = PBXFileReference; fileEncoding = 4; lastKnownFileType = sourcecode.c.h; path = StoryViewModel.h; sourceTree = "<group>"; };
		1A9D3A811AC6E4E800296A0C /* StoryViewModel.m */ = {isa = PBXFileReference; fileEncoding = 4; lastKnownFileType = sourcecode.c.objc; path = StoryViewModel.m; sourceTree = "<group>"; };
		1A9D3A831AC6E96B00296A0C /* Story.h */ = {isa = PBXFileReference; fileEncoding = 4; lastKnownFileType = sourcecode.c.h; path = Story.h; sourceTree = "<group>"; };
		1A9D3A841AC6E96B00296A0C /* Story.m */ = {isa = PBXFileReference; fileEncoding = 4; lastKnownFileType = sourcecode.c.objc; path = Story.m; sourceTree = "<group>"; };
		1A9FEAB61AC9500D006EA4D4 /* UIViewController+Storyboard.h */ = {isa = PBXFileReference; fileEncoding = 4; lastKnownFileType = sourcecode.c.h; name = "UIViewController+Storyboard.h"; path = "../../../DesignerNewsForObjcTests/General/Categories/UIViewController+Storyboard.h"; sourceTree = "<group>"; };
		1A9FEAB71AC9500D006EA4D4 /* UIViewController+Storyboard.m */ = {isa = PBXFileReference; fileEncoding = 4; lastKnownFileType = sourcecode.c.objc; name = "UIViewController+Storyboard.m"; path = "../../../DesignerNewsForObjcTests/General/Categories/UIViewController+Storyboard.m"; sourceTree = "<group>"; };
		1AABBFCF1AD26C0900FC86A7 /* LocalStore.h */ = {isa = PBXFileReference; fileEncoding = 4; lastKnownFileType = sourcecode.c.h; path = LocalStore.h; sourceTree = "<group>"; };
		1AABBFD01AD26C0900FC86A7 /* LocalStore.m */ = {isa = PBXFileReference; fileEncoding = 4; lastKnownFileType = sourcecode.c.objc; path = LocalStore.m; sourceTree = "<group>"; };
		1AABBFD31AD26C9C00FC86A7 /* LocalStoreSpec.m */ = {isa = PBXFileReference; fileEncoding = 4; lastKnownFileType = sourcecode.c.objc; path = LocalStoreSpec.m; sourceTree = "<group>"; };
		1AD915761AC3156100B6F6A2 /* AppDelegate.h */ = {isa = PBXFileReference; fileEncoding = 4; lastKnownFileType = sourcecode.c.h; path = AppDelegate.h; sourceTree = "<group>"; };
		1AD915771AC3156100B6F6A2 /* AppDelegate.m */ = {isa = PBXFileReference; fileEncoding = 4; lastKnownFileType = sourcecode.c.objc; path = AppDelegate.m; sourceTree = "<group>"; };
		1AE4DDF71AD3AE7800DA7CFB /* story_upvote_conf.json */ = {isa = PBXFileReference; fileEncoding = 4; lastKnownFileType = text.json; path = story_upvote_conf.json; sourceTree = "<group>"; };
		1AE4DDF91AD3AE9800DA7CFB /* story_upvote_response.json */ = {isa = PBXFileReference; fileEncoding = 4; lastKnownFileType = text.json; path = story_upvote_response.json; sourceTree = "<group>"; };
		1AE61D321ACCD6AF00A84B96 /* LoginViewModel.h */ = {isa = PBXFileReference; fileEncoding = 4; lastKnownFileType = sourcecode.c.h; path = LoginViewModel.h; sourceTree = "<group>"; };
		1AE61D331ACCD6AF00A84B96 /* LoginViewModel.m */ = {isa = PBXFileReference; fileEncoding = 4; lastKnownFileType = sourcecode.c.objc; path = LoginViewModel.m; sourceTree = "<group>"; };
		1AE61D351ACCDB2600A84B96 /* LoginViewModelSpec.m */ = {isa = PBXFileReference; fileEncoding = 4; lastKnownFileType = sourcecode.c.objc; path = LoginViewModelSpec.m; sourceTree = "<group>"; };
		1AE61D371ACCE1FF00A84B96 /* NSString+Check.h */ = {isa = PBXFileReference; fileEncoding = 4; lastKnownFileType = sourcecode.c.h; path = "NSString+Check.h"; sourceTree = "<group>"; };
		1AE61D381ACCE1FF00A84B96 /* NSString+Check.m */ = {isa = PBXFileReference; fileEncoding = 4; lastKnownFileType = sourcecode.c.objc; path = "NSString+Check.m"; sourceTree = "<group>"; };
		1AEF79981AC31BBE002DF6D0 /* AsyncButton.swift */ = {isa = PBXFileReference; fileEncoding = 4; lastKnownFileType = sourcecode.swift; path = AsyncButton.swift; sourceTree = "<group>"; };
		1AEF79991AC31BBE002DF6D0 /* AsyncImageView.swift */ = {isa = PBXFileReference; fileEncoding = 4; lastKnownFileType = sourcecode.swift; path = AsyncImageView.swift; sourceTree = "<group>"; };
		1AEF799A1AC31BBE002DF6D0 /* AutoTextView.swift */ = {isa = PBXFileReference; fileEncoding = 4; lastKnownFileType = sourcecode.swift; path = AutoTextView.swift; sourceTree = "<group>"; };
		1AEF799B1AC31BBE002DF6D0 /* BlurView.swift */ = {isa = PBXFileReference; fileEncoding = 4; lastKnownFileType = sourcecode.swift; path = BlurView.swift; sourceTree = "<group>"; };
		1AEF799C1AC31BBE002DF6D0 /* DesignableButton.swift */ = {isa = PBXFileReference; fileEncoding = 4; lastKnownFileType = sourcecode.swift; path = DesignableButton.swift; sourceTree = "<group>"; };
		1AEF799D1AC31BBE002DF6D0 /* DesignableImageView.swift */ = {isa = PBXFileReference; fileEncoding = 4; lastKnownFileType = sourcecode.swift; path = DesignableImageView.swift; sourceTree = "<group>"; };
		1AEF799E1AC31BBE002DF6D0 /* DesignableLabel.swift */ = {isa = PBXFileReference; fileEncoding = 4; lastKnownFileType = sourcecode.swift; path = DesignableLabel.swift; sourceTree = "<group>"; };
		1AEF799F1AC31BBE002DF6D0 /* DesignableTabBarController.swift */ = {isa = PBXFileReference; fileEncoding = 4; lastKnownFileType = sourcecode.swift; path = DesignableTabBarController.swift; sourceTree = "<group>"; };
		1AEF79A01AC31BBE002DF6D0 /* DesignableTextField.swift */ = {isa = PBXFileReference; fileEncoding = 4; lastKnownFileType = sourcecode.swift; path = DesignableTextField.swift; sourceTree = "<group>"; };
		1AEF79A11AC31BBE002DF6D0 /* DesignableTextView.swift */ = {isa = PBXFileReference; fileEncoding = 4; lastKnownFileType = sourcecode.swift; path = DesignableTextView.swift; sourceTree = "<group>"; };
		1AEF79A21AC31BBE002DF6D0 /* DesignableView.swift */ = {isa = PBXFileReference; fileEncoding = 4; lastKnownFileType = sourcecode.swift; path = DesignableView.swift; sourceTree = "<group>"; };
		1AEF79A31AC31BBE002DF6D0 /* ImageLoader.swift */ = {isa = PBXFileReference; fileEncoding = 4; lastKnownFileType = sourcecode.swift; path = ImageLoader.swift; sourceTree = "<group>"; };
		1AEF79A41AC31BBE002DF6D0 /* Info.plist */ = {isa = PBXFileReference; fileEncoding = 4; lastKnownFileType = text.plist.xml; path = Info.plist; sourceTree = "<group>"; };
		1AEF79A51AC31BBE002DF6D0 /* KeyboardLayoutConstraint.swift */ = {isa = PBXFileReference; fileEncoding = 4; lastKnownFileType = sourcecode.swift; path = KeyboardLayoutConstraint.swift; sourceTree = "<group>"; };
		1AEF79A61AC31BBE002DF6D0 /* LoadingView.swift */ = {isa = PBXFileReference; fileEncoding = 4; lastKnownFileType = sourcecode.swift; path = LoadingView.swift; sourceTree = "<group>"; };
		1AEF79A71AC31BBE002DF6D0 /* LoadingView.xib */ = {isa = PBXFileReference; fileEncoding = 4; lastKnownFileType = file.xib; path = LoadingView.xib; sourceTree = "<group>"; };
		1AEF79A81AC31BBE002DF6D0 /* Misc.swift */ = {isa = PBXFileReference; fileEncoding = 4; lastKnownFileType = sourcecode.swift; path = Misc.swift; sourceTree = "<group>"; };
		1AEF79A91AC31BBE002DF6D0 /* SoundPlayer.swift */ = {isa = PBXFileReference; fileEncoding = 4; lastKnownFileType = sourcecode.swift; path = SoundPlayer.swift; sourceTree = "<group>"; };
		1AEF79AA1AC31BBE002DF6D0 /* Spring.h */ = {isa = PBXFileReference; fileEncoding = 4; lastKnownFileType = sourcecode.c.h; path = Spring.h; sourceTree = "<group>"; };
		1AEF79AB1AC31BBE002DF6D0 /* Spring.swift */ = {isa = PBXFileReference; fileEncoding = 4; lastKnownFileType = sourcecode.swift; path = Spring.swift; sourceTree = "<group>"; };
		1AEF79AC1AC31BBE002DF6D0 /* SpringAnimation.swift */ = {isa = PBXFileReference; fileEncoding = 4; lastKnownFileType = sourcecode.swift; path = SpringAnimation.swift; sourceTree = "<group>"; };
		1AEF79AD1AC31BBE002DF6D0 /* SpringButton.swift */ = {isa = PBXFileReference; fileEncoding = 4; lastKnownFileType = sourcecode.swift; path = SpringButton.swift; sourceTree = "<group>"; };
		1AEF79AE1AC31BBE002DF6D0 /* SpringImageView.swift */ = {isa = PBXFileReference; fileEncoding = 4; lastKnownFileType = sourcecode.swift; path = SpringImageView.swift; sourceTree = "<group>"; };
		1AEF79AF1AC31BBE002DF6D0 /* SpringLabel.swift */ = {isa = PBXFileReference; fileEncoding = 4; lastKnownFileType = sourcecode.swift; path = SpringLabel.swift; sourceTree = "<group>"; };
		1AEF79B01AC31BBE002DF6D0 /* SpringTextField.swift */ = {isa = PBXFileReference; fileEncoding = 4; lastKnownFileType = sourcecode.swift; path = SpringTextField.swift; sourceTree = "<group>"; };
		1AEF79B11AC31BBE002DF6D0 /* SpringTextView.swift */ = {isa = PBXFileReference; fileEncoding = 4; lastKnownFileType = sourcecode.swift; path = SpringTextView.swift; sourceTree = "<group>"; };
		1AEF79B21AC31BBE002DF6D0 /* SpringView.swift */ = {isa = PBXFileReference; fileEncoding = 4; lastKnownFileType = sourcecode.swift; path = SpringView.swift; sourceTree = "<group>"; };
		1AEF79B31AC31BBE002DF6D0 /* TransitionManager.swift */ = {isa = PBXFileReference; fileEncoding = 4; lastKnownFileType = sourcecode.swift; path = TransitionManager.swift; sourceTree = "<group>"; };
		1AEF79B41AC31BBE002DF6D0 /* TransitionZoom.swift */ = {isa = PBXFileReference; fileEncoding = 4; lastKnownFileType = sourcecode.swift; path = TransitionZoom.swift; sourceTree = "<group>"; };
		1AEF79B51AC31BBE002DF6D0 /* UnwindSegue.swift */ = {isa = PBXFileReference; fileEncoding = 4; lastKnownFileType = sourcecode.swift; path = UnwindSegue.swift; sourceTree = "<group>"; };
		40354FAF7872E7D0903278A0 /* Pods.release.xcconfig */ = {isa = PBXFileReference; includeInIndex = 1; lastKnownFileType = text.xcconfig; name = Pods.release.xcconfig; path = "Pods/Target Support Files/Pods/Pods.release.xcconfig"; sourceTree = "<group>"; };
		5337F5F168AD58FCA20455BE /* libPods-DesignerNewsForObjcTests.a */ = {isa = PBXFileReference; explicitFileType = archive.ar; includeInIndex = 0; path = "libPods-DesignerNewsForObjcTests.a"; sourceTree = BUILT_PRODUCTS_DIR; };
		5B2573347BF7A3996ED92B97 /* Pods-DesignerNewsForObjcTests.debug.xcconfig */ = {isa = PBXFileReference; includeInIndex = 1; lastKnownFileType = text.xcconfig; name = "Pods-DesignerNewsForObjcTests.debug.xcconfig"; path = "Pods/Target Support Files/Pods-DesignerNewsForObjcTests/Pods-DesignerNewsForObjcTests.debug.xcconfig"; sourceTree = "<group>"; };
		765A3C355515DD43D61D720E /* Pods.debug.xcconfig */ = {isa = PBXFileReference; includeInIndex = 1; lastKnownFileType = text.xcconfig; name = Pods.debug.xcconfig; path = "Pods/Target Support Files/Pods/Pods.debug.xcconfig"; sourceTree = "<group>"; };
		C761B2A220FDE842F992ABB0 /* Pods-DesignerNewsForObjcTests.release.xcconfig */ = {isa = PBXFileReference; includeInIndex = 1; lastKnownFileType = text.xcconfig; name = "Pods-DesignerNewsForObjcTests.release.xcconfig"; path = "Pods/Target Support Files/Pods-DesignerNewsForObjcTests/Pods-DesignerNewsForObjcTests.release.xcconfig"; sourceTree = "<group>"; };
		E2E162750A4A629A9920BC60 /* libPods.a */ = {isa = PBXFileReference; explicitFileType = archive.ar; includeInIndex = 0; path = libPods.a; sourceTree = BUILT_PRODUCTS_DIR; };
/* End PBXFileReference section */

/* Begin PBXFrameworksBuildPhase section */
		1A5041AE1AC30EF6006D25FC /* Frameworks */ = {
			isa = PBXFrameworksBuildPhase;
			buildActionMask = 2147483647;
			files = (
				0CBE0349DCE5CF755E4CD7B3 /* libPods.a in Frameworks */,
			);
			runOnlyForDeploymentPostprocessing = 0;
		};
		1A5041C71AC30EF6006D25FC /* Frameworks */ = {
			isa = PBXFrameworksBuildPhase;
			buildActionMask = 2147483647;
			files = (
				68F72051E2E91FB0BB45F73C /* libPods-DesignerNewsForObjcTests.a in Frameworks */,
			);
			runOnlyForDeploymentPostprocessing = 0;
		};
/* End PBXFrameworksBuildPhase section */

/* Begin PBXGroup section */
		1A0E49271ACA70820062F829 /* Learn */ = {
			isa = PBXGroup;
			children = (
				1A0E49281ACA70980062F829 /* LearnViewController.h */,
				1A0E49291ACA70980062F829 /* LearnViewController.m */,
			);
			path = Learn;
			sourceTree = "<group>";
		};
		1A289ED21ACE7168006BC750 /* Learn */ = {
			isa = PBXGroup;
			children = (
				1A289ED31ACE7168006BC750 /* LearnViewControllerSpec.m */,
			);
			path = Learn;
			sourceTree = "<group>";
		};
		1A3ED4CE1AC53E5400F052AE /* Comment */ = {
			isa = PBXGroup;
			children = (
			);
			path = Comment;
			sourceTree = "<group>";
		};
		1A3ED4CF1AC53E5400F052AE /* Login */ = {
			isa = PBXGroup;
			children = (
				1A30CF7D1ACAA4BB004CA714 /* LoginViewController.h */,
				1A30CF7E1ACAA4BB004CA714 /* LoginViewController.m */,
				1AE61D321ACCD6AF00A84B96 /* LoginViewModel.h */,
				1AE61D331ACCD6AF00A84B96 /* LoginViewModel.m */,
				1A289ED71ACE72B0006BC750 /* LoginClient.h */,
				1A289ED81ACE72B0006BC750 /* LoginClient.m */,
			);
			path = Login;
			sourceTree = "<group>";
		};
		1A3ED4D01AC53E5400F052AE /* Story */ = {
			isa = PBXGroup;
			children = (
				1A3ED4D11AC53EBB00F052AE /* StoryViewController.h */,
				1A3ED4D21AC53EBB00F052AE /* StoryViewController.m */,
				1A9D3A801AC6E4E800296A0C /* StoryViewModel.h */,
				1A9D3A811AC6E4E800296A0C /* StoryViewModel.m */,
				1A9D3A831AC6E96B00296A0C /* Story.h */,
				1A9D3A841AC6E96B00296A0C /* Story.m */,
				1A5807D81AC70BC9006F64D0 /* StoryClient.h */,
				1A5807D91AC70BC9006F64D0 /* StoryClient.m */,
				1A6B8E2F1AC8E6B20021CDE4 /* StoryTableViewCell.h */,
				1A6B8E301AC8E6B20021CDE4 /* StoryTableViewCell.m */,
			);
			path = Story;
			sourceTree = "<group>";
		};
		1A3ED5111AC6B6AD00F052AE /* General */ = {
			isa = PBXGroup;
			children = (
				1AABBFD21AD26C8100FC86A7 /* Persistence */,
				1A5807D51AC6F98A006F64D0 /* Network */,
				1A3ED5121AC6B6AD00F052AE /* Categories */,
				1A3ED5131AC6B6AD00F052AE /* DataSources */,
				1A3ED5141AC6B6AD00F052AE /* Delegates */,
				1A3ED5151AC6B6AD00F052AE /* Views */,
			);
			path = General;
			sourceTree = "<group>";
		};
		1A3ED5121AC6B6AD00F052AE /* Categories */ = {
			isa = PBXGroup;
			children = (
				1A6B8E391AC93AB80021CDE4 /* UIBarButtonItem+Specs.h */,
				1A6B8E3A1AC93AB80021CDE4 /* UIBarButtonItem+Specs.m */,
				1A6B8E3B1AC93AB80021CDE4 /* UIButton+Specs.h */,
				1A6B8E3C1AC93AB80021CDE4 /* UIButton+Specs.m */,
				1A6B8E3D1AC93AB80021CDE4 /* UIView+Specs.h */,
				1A6B8E3E1AC93AB80021CDE4 /* UIView+Specs.m */,
			);
			path = Categories;
			sourceTree = "<group>";
		};
		1A3ED5131AC6B6AD00F052AE /* DataSources */ = {
			isa = PBXGroup;
			children = (
				1A3ED5161AC6B97300F052AE /* ArrayDataSourceSpec.m */,
			);
			path = DataSources;
			sourceTree = "<group>";
		};
		1A3ED5141AC6B6AD00F052AE /* Delegates */ = {
			isa = PBXGroup;
			children = (
			);
			path = Delegates;
			sourceTree = "<group>";
		};
		1A3ED5151AC6B6AD00F052AE /* Views */ = {
			isa = PBXGroup;
			children = (
			);
			path = Views;
			sourceTree = "<group>";
		};
		1A5041A81AC30EF6006D25FC = {
			isa = PBXGroup;
			children = (
				1A5041B31AC30EF6006D25FC /* DesignerNewsForObjc */,
				1A5041CD1AC30EF6006D25FC /* DesignerNewsForObjcTests */,
				1A5041B21AC30EF6006D25FC /* Products */,
				6B8DB629EC817A9BAE4CA983 /* Pods */,
				EB389EBA1B9BFC13514778EC /* Frameworks */,
			);
			sourceTree = "<group>";
		};
		1A5041B21AC30EF6006D25FC /* Products */ = {
			isa = PBXGroup;
			children = (
				1A5041B11AC30EF6006D25FC /* DesignerNewsForObjc.app */,
				1A5041CA1AC30EF6006D25FC /* DesignerNewsForObjcTests.xctest */,
			);
			name = Products;
			sourceTree = "<group>";
		};
		1A5041B31AC30EF6006D25FC /* DesignerNewsForObjc */ = {
			isa = PBXGroup;
			children = (
				1AD915751AC3156100B6F6A2 /* AppDelegate */,
				1AD915791AC3159E00B6F6A2 /* Storyboard */,
				1AD915811AC3167300B6F6A2 /* Sections */,
				1AD9157A1AC3167300B6F6A2 /* General */,
				1AD9157F1AC3167300B6F6A2 /* Helpers */,
				1AD915801AC3167300B6F6A2 /* Macro */,
				1AD915821AC3167300B6F6A2 /* Vendors */,
				1A5041C11AC30EF6006D25FC /* Images.xcassets */,
				1A5041B41AC30EF6006D25FC /* Supporting Files */,
				1A5807FD1AC83CEF006F64D0 /* DesignerNewsForObjc-Bridging-Header.h */,
			);
			path = DesignerNewsForObjc;
			sourceTree = "<group>";
		};
		1A5041B41AC30EF6006D25FC /* Supporting Files */ = {
			isa = PBXGroup;
			children = (
				1A5041B51AC30EF6006D25FC /* Info.plist */,
				1A5041B61AC30EF6006D25FC /* main.m */,
			);
			name = "Supporting Files";
			sourceTree = "<group>";
		};
		1A5041CD1AC30EF6006D25FC /* DesignerNewsForObjcTests */ = {
			isa = PBXGroup;
			children = (
				1A5807EF1AC826B8006F64D0 /* Helpers */,
				1A5807E41AC7A6CA006F64D0 /* JSON */,
				1A5807DB1AC711DE006F64D0 /* Sections */,
				1A3ED5111AC6B6AD00F052AE /* General */,
				1A5041CE1AC30EF6006D25FC /* Supporting Files */,
			);
			path = DesignerNewsForObjcTests;
			sourceTree = "<group>";
		};
		1A5041CE1AC30EF6006D25FC /* Supporting Files */ = {
			isa = PBXGroup;
			children = (
				1A5041CF1AC30EF6006D25FC /* Info.plist */,
			);
			name = "Supporting Files";
			sourceTree = "<group>";
		};
		1A5807D11AC6F7ED006F64D0 /* Network */ = {
			isa = PBXGroup;
			children = (
				1A5807D21AC6F7FB006F64D0 /* DesignerNewsURL.h */,
				1A5807D31AC6F7FB006F64D0 /* DesignerNewsURL.m */,
			);
			path = Network;
			sourceTree = "<group>";
		};
		1A5807D51AC6F98A006F64D0 /* Network */ = {
			isa = PBXGroup;
			children = (
				1A5807D61AC6F99D006F64D0 /* DesignerNewsURLSpec.m */,
			);
			path = Network;
			sourceTree = "<group>";
		};
		1A5807DB1AC711DE006F64D0 /* Sections */ = {
			isa = PBXGroup;
			children = (
				1A289ED21ACE7168006BC750 /* Learn */,
				1A6B8E381AC933370021CDE4 /* Menu */,
				1A5807DC1AC711DE006F64D0 /* Comment */,
				1A5807DD1AC711DE006F64D0 /* Login */,
				1A5807DE1AC711DE006F64D0 /* Story */,
			);
			path = Sections;
			sourceTree = "<group>";
		};
		1A5807DC1AC711DE006F64D0 /* Comment */ = {
			isa = PBXGroup;
			children = (
			);
			path = Comment;
			sourceTree = "<group>";
		};
		1A5807DD1AC711DE006F64D0 /* Login */ = {
			isa = PBXGroup;
			children = (
				1A30CF801ACAA6AB004CA714 /* LoginViewControllerSpec.m */,
				1AE61D351ACCDB2600A84B96 /* LoginViewModelSpec.m */,
				1A289ED51ACE728D006BC750 /* LoginClientSpec.m */,
			);
			path = Login;
			sourceTree = "<group>";
		};
		1A5807DE1AC711DE006F64D0 /* Story */ = {
			isa = PBXGroup;
			children = (
				1A5807E21AC7120F006F64D0 /* StoryClientSpec.m */,
				1A5807ED1AC824CB006F64D0 /* StorySpec.m */,
				1A5807FE1AC8B43B006F64D0 /* StoryViewModelSpec.m */,
				1A6B8E361AC924EB0021CDE4 /* StoryViewControllerSpec.m */,
			);
			path = Story;
			sourceTree = "<group>";
		};
		1A5807E41AC7A6CA006F64D0 /* JSON */ = {
			isa = PBXGroup;
			children = (
				1A5807E51AC7A6CA006F64D0 /* Comment */,
				1A5807E61AC7A6CA006F64D0 /* Login */,
				1A5807E71AC7A6CA006F64D0 /* Story */,
			);
			path = JSON;
			sourceTree = "<group>";
		};
		1A5807E51AC7A6CA006F64D0 /* Comment */ = {
			isa = PBXGroup;
			children = (
			);
			path = Comment;
			sourceTree = "<group>";
		};
		1A5807E61AC7A6CA006F64D0 /* Login */ = {
			isa = PBXGroup;
			children = (
				1A289ECE1ACE68AB006BC750 /* login_conf.json */,
				1A289ECF1ACE68AB006BC750 /* login_response.json */,
			);
			path = Login;
			sourceTree = "<group>";
		};
		1A5807E71AC7A6CA006F64D0 /* Story */ = {
			isa = PBXGroup;
			children = (
				1A5807E81AC7A708006F64D0 /* stories_response.json */,
				1A5807E91AC7A708006F64D0 /* stories_conf.json */,
				1AE4DDF71AD3AE7800DA7CFB /* story_upvote_conf.json */,
				1AE4DDF91AD3AE9800DA7CFB /* story_upvote_response.json */,
			);
			path = Story;
			sourceTree = "<group>";
		};
		1A5807EF1AC826B8006F64D0 /* Helpers */ = {
			isa = PBXGroup;
			children = (
				1A5807F01AC826D3006F64D0 /* TestHelper.h */,
				1A5807F11AC826D3006F64D0 /* TestHelper.m */,
			);
			path = Helpers;
			sourceTree = "<group>";
		};
		1A6B8E321AC8FEEC0021CDE4 /* Menu */ = {
			isa = PBXGroup;
			children = (
				1A6B8E331AC8FF030021CDE4 /* MenuViewController.h */,
				1A6B8E341AC8FF030021CDE4 /* MenuViewController.m */,
			);
			path = Menu;
			sourceTree = "<group>";
		};
		1A6B8E381AC933370021CDE4 /* Menu */ = {
			isa = PBXGroup;
			children = (
				1A6B8E421AC93B4C0021CDE4 /* MenuViewControllerSpec.m */,
			);
			path = Menu;
			sourceTree = "<group>";
		};
		1AABBFCE1AD26BF900FC86A7 /* Persistence */ = {
			isa = PBXGroup;
			children = (
				1AABBFCF1AD26C0900FC86A7 /* LocalStore.h */,
				1AABBFD01AD26C0900FC86A7 /* LocalStore.m */,
			);
			path = Persistence;
			sourceTree = "<group>";
		};
		1AABBFD21AD26C8100FC86A7 /* Persistence */ = {
			isa = PBXGroup;
			children = (
				1AABBFD31AD26C9C00FC86A7 /* LocalStoreSpec.m */,
			);
			path = Persistence;
			sourceTree = "<group>";
		};
		1AD915751AC3156100B6F6A2 /* AppDelegate */ = {
			isa = PBXGroup;
			children = (
				1AD915761AC3156100B6F6A2 /* AppDelegate.h */,
				1AD915771AC3156100B6F6A2 /* AppDelegate.m */,
			);
			path = AppDelegate;
			sourceTree = "<group>";
		};
		1AD915791AC3159E00B6F6A2 /* Storyboard */ = {
			isa = PBXGroup;
			children = (
				1A5041BE1AC30EF6006D25FC /* Main.storyboard */,
				1A5041C31AC30EF6006D25FC /* LaunchScreen.xib */,
			);
			name = Storyboard;
			sourceTree = "<group>";
		};
		1AD9157A1AC3167300B6F6A2 /* General */ = {
			isa = PBXGroup;
			children = (
				1AABBFCE1AD26BF900FC86A7 /* Persistence */,
				1A5807D11AC6F7ED006F64D0 /* Network */,
				1AD9157B1AC3167300B6F6A2 /* Categories */,
				1AD9157C1AC3167300B6F6A2 /* DataSources */,
				1AD9157D1AC3167300B6F6A2 /* Delegates */,
				1AD9157E1AC3167300B6F6A2 /* Views */,
			);
			path = General;
			sourceTree = "<group>";
		};
		1AD9157B1AC3167300B6F6A2 /* Categories */ = {
			isa = PBXGroup;
			children = (
				1A9FEAB61AC9500D006EA4D4 /* UIViewController+Storyboard.h */,
				1A9FEAB71AC9500D006EA4D4 /* UIViewController+Storyboard.m */,
				1AE61D371ACCE1FF00A84B96 /* NSString+Check.h */,
				1AE61D381ACCE1FF00A84B96 /* NSString+Check.m */,
			);
			path = Categories;
			sourceTree = "<group>";
		};
		1AD9157C1AC3167300B6F6A2 /* DataSources */ = {
			isa = PBXGroup;
			children = (
				1A3ED50E1AC6B5F600F052AE /* ArrayDataSource.h */,
				1A3ED50F1AC6B5F600F052AE /* ArrayDataSource.m */,
			);
			path = DataSources;
			sourceTree = "<group>";
		};
		1AD9157D1AC3167300B6F6A2 /* Delegates */ = {
			isa = PBXGroup;
			children = (
			);
			path = Delegates;
			sourceTree = "<group>";
		};
		1AD9157E1AC3167300B6F6A2 /* Views */ = {
			isa = PBXGroup;
			children = (
			);
			path = Views;
			sourceTree = "<group>";
		};
		1AD9157F1AC3167300B6F6A2 /* Helpers */ = {
			isa = PBXGroup;
			children = (
			);
			path = Helpers;
			sourceTree = "<group>";
		};
		1AD915801AC3167300B6F6A2 /* Macro */ = {
			isa = PBXGroup;
			children = (
			);
			path = Macro;
			sourceTree = "<group>";
		};
		1AD915811AC3167300B6F6A2 /* Sections */ = {
			isa = PBXGroup;
			children = (
				1A0E49271ACA70820062F829 /* Learn */,
				1A6B8E321AC8FEEC0021CDE4 /* Menu */,
				1A3ED4D01AC53E5400F052AE /* Story */,
				1A3ED4CE1AC53E5400F052AE /* Comment */,
				1A3ED4CF1AC53E5400F052AE /* Login */,
			);
			path = Sections;
			sourceTree = "<group>";
		};
		1AD915821AC3167300B6F6A2 /* Vendors */ = {
			isa = PBXGroup;
			children = (
				1AEF79971AC31BBE002DF6D0 /* Spring */,
			);
			path = Vendors;
			sourceTree = "<group>";
		};
		1AEF79971AC31BBE002DF6D0 /* Spring */ = {
			isa = PBXGroup;
			children = (
				1AEF79981AC31BBE002DF6D0 /* AsyncButton.swift */,
				1AEF79991AC31BBE002DF6D0 /* AsyncImageView.swift */,
				1AEF799A1AC31BBE002DF6D0 /* AutoTextView.swift */,
				1AEF799B1AC31BBE002DF6D0 /* BlurView.swift */,
				1AEF799C1AC31BBE002DF6D0 /* DesignableButton.swift */,
				1AEF799D1AC31BBE002DF6D0 /* DesignableImageView.swift */,
				1AEF799E1AC31BBE002DF6D0 /* DesignableLabel.swift */,
				1AEF799F1AC31BBE002DF6D0 /* DesignableTabBarController.swift */,
				1AEF79A01AC31BBE002DF6D0 /* DesignableTextField.swift */,
				1AEF79A11AC31BBE002DF6D0 /* DesignableTextView.swift */,
				1AEF79A21AC31BBE002DF6D0 /* DesignableView.swift */,
				1AEF79A31AC31BBE002DF6D0 /* ImageLoader.swift */,
				1AEF79A41AC31BBE002DF6D0 /* Info.plist */,
				1AEF79A51AC31BBE002DF6D0 /* KeyboardLayoutConstraint.swift */,
				1AEF79A61AC31BBE002DF6D0 /* LoadingView.swift */,
				1AEF79A71AC31BBE002DF6D0 /* LoadingView.xib */,
				1AEF79A81AC31BBE002DF6D0 /* Misc.swift */,
				1AEF79A91AC31BBE002DF6D0 /* SoundPlayer.swift */,
				1AEF79AA1AC31BBE002DF6D0 /* Spring.h */,
				1AEF79AB1AC31BBE002DF6D0 /* Spring.swift */,
				1AEF79AC1AC31BBE002DF6D0 /* SpringAnimation.swift */,
				1AEF79AD1AC31BBE002DF6D0 /* SpringButton.swift */,
				1AEF79AE1AC31BBE002DF6D0 /* SpringImageView.swift */,
				1AEF79AF1AC31BBE002DF6D0 /* SpringLabel.swift */,
				1AEF79B01AC31BBE002DF6D0 /* SpringTextField.swift */,
				1AEF79B11AC31BBE002DF6D0 /* SpringTextView.swift */,
				1AEF79B21AC31BBE002DF6D0 /* SpringView.swift */,
				1AEF79B31AC31BBE002DF6D0 /* TransitionManager.swift */,
				1AEF79B41AC31BBE002DF6D0 /* TransitionZoom.swift */,
				1AEF79B51AC31BBE002DF6D0 /* UnwindSegue.swift */,
			);
			path = Spring;
			sourceTree = "<group>";
		};
		6B8DB629EC817A9BAE4CA983 /* Pods */ = {
			isa = PBXGroup;
			children = (
				765A3C355515DD43D61D720E /* Pods.debug.xcconfig */,
				40354FAF7872E7D0903278A0 /* Pods.release.xcconfig */,
				5B2573347BF7A3996ED92B97 /* Pods-DesignerNewsForObjcTests.debug.xcconfig */,
				C761B2A220FDE842F992ABB0 /* Pods-DesignerNewsForObjcTests.release.xcconfig */,
			);
			name = Pods;
			sourceTree = "<group>";
		};
		EB389EBA1B9BFC13514778EC /* Frameworks */ = {
			isa = PBXGroup;
			children = (
				E2E162750A4A629A9920BC60 /* libPods.a */,
				5337F5F168AD58FCA20455BE /* libPods-DesignerNewsForObjcTests.a */,
			);
			name = Frameworks;
			sourceTree = "<group>";
		};
/* End PBXGroup section */

/* Begin PBXNativeTarget section */
		1A5041B01AC30EF6006D25FC /* DesignerNewsForObjc */ = {
			isa = PBXNativeTarget;
			buildConfigurationList = 1A5041D41AC30EF6006D25FC /* Build configuration list for PBXNativeTarget "DesignerNewsForObjc" */;
			buildPhases = (
				A1EEF21061BE9E6E8923A6DD /* Check Pods Manifest.lock */,
				1A5041AD1AC30EF6006D25FC /* Sources */,
				1A5041AE1AC30EF6006D25FC /* Frameworks */,
				1A5041AF1AC30EF6006D25FC /* Resources */,
				0C98DA8E281F4F8881D1DF5D /* Copy Pods Resources */,
			);
			buildRules = (
			);
			dependencies = (
			);
			name = DesignerNewsForObjc;
			productName = DesignerNewsForObjc;
			productReference = 1A5041B11AC30EF6006D25FC /* DesignerNewsForObjc.app */;
			productType = "com.apple.product-type.application";
		};
		1A5041C91AC30EF6006D25FC /* DesignerNewsForObjcTests */ = {
			isa = PBXNativeTarget;
			buildConfigurationList = 1A5041D71AC30EF6006D25FC /* Build configuration list for PBXNativeTarget "DesignerNewsForObjcTests" */;
			buildPhases = (
				78F3B43F5ECB2C09767BD6EC /* Check Pods Manifest.lock */,
				1A5041C61AC30EF6006D25FC /* Sources */,
				1A5041C71AC30EF6006D25FC /* Frameworks */,
				1A5041C81AC30EF6006D25FC /* Resources */,
				1D61235A3CA175BB59610B20 /* Copy Pods Resources */,
			);
			buildRules = (
			);
			dependencies = (
				1A5041CC1AC30EF6006D25FC /* PBXTargetDependency */,
			);
			name = DesignerNewsForObjcTests;
			productName = DesignerNewsForObjcTests;
			productReference = 1A5041CA1AC30EF6006D25FC /* DesignerNewsForObjcTests.xctest */;
			productType = "com.apple.product-type.bundle.unit-test";
		};
/* End PBXNativeTarget section */

/* Begin PBXProject section */
		1A5041A91AC30EF6006D25FC /* Project object */ = {
			isa = PBXProject;
			attributes = {
				LastUpgradeCheck = 0620;
				ORGANIZATIONNAME = "Sam Lau";
				TargetAttributes = {
					1A5041B01AC30EF6006D25FC = {
						CreatedOnToolsVersion = 6.2;
					};
					1A5041C91AC30EF6006D25FC = {
						CreatedOnToolsVersion = 6.2;
						TestTargetID = 1A5041B01AC30EF6006D25FC;
					};
				};
			};
			buildConfigurationList = 1A5041AC1AC30EF6006D25FC /* Build configuration list for PBXProject "DesignerNewsForObjc" */;
			compatibilityVersion = "Xcode 3.2";
			developmentRegion = English;
			hasScannedForEncodings = 0;
			knownRegions = (
				en,
				Base,
			);
			mainGroup = 1A5041A81AC30EF6006D25FC;
			productRefGroup = 1A5041B21AC30EF6006D25FC /* Products */;
			projectDirPath = "";
			projectRoot = "";
			targets = (
				1A5041B01AC30EF6006D25FC /* DesignerNewsForObjc */,
				1A5041C91AC30EF6006D25FC /* DesignerNewsForObjcTests */,
			);
		};
/* End PBXProject section */

/* Begin PBXResourcesBuildPhase section */
		1A5041AF1AC30EF6006D25FC /* Resources */ = {
			isa = PBXResourcesBuildPhase;
			buildActionMask = 2147483647;
			files = (
				1AEF79C21AC31BBE002DF6D0 /* Info.plist in Resources */,
				1A5041C01AC30EF6006D25FC /* Main.storyboard in Resources */,
				1A5041C51AC30EF6006D25FC /* LaunchScreen.xib in Resources */,
				1A5041C21AC30EF6006D25FC /* Images.xcassets in Resources */,
				1AEF79C51AC31BBE002DF6D0 /* LoadingView.xib in Resources */,
			);
			runOnlyForDeploymentPostprocessing = 0;
		};
		1A5041C81AC30EF6006D25FC /* Resources */ = {
			isa = PBXResourcesBuildPhase;
			buildActionMask = 2147483647;
			files = (
				1A289ED01ACE68AB006BC750 /* login_conf.json in Resources */,
				1A5807EA1AC7A708006F64D0 /* stories_response.json in Resources */,
				1AE4DDF81AD3AE7800DA7CFB /* story_upvote_conf.json in Resources */,
				1AE4DDFA1AD3AE9800DA7CFB /* story_upvote_response.json in Resources */,
				1A289ED11ACE68AB006BC750 /* login_response.json in Resources */,
				1A5807EB1AC7A708006F64D0 /* stories_conf.json in Resources */,
			);
			runOnlyForDeploymentPostprocessing = 0;
		};
/* End PBXResourcesBuildPhase section */

/* Begin PBXShellScriptBuildPhase section */
		0C98DA8E281F4F8881D1DF5D /* Copy Pods Resources */ = {
			isa = PBXShellScriptBuildPhase;
			buildActionMask = 2147483647;
			files = (
			);
			inputPaths = (
			);
			name = "Copy Pods Resources";
			outputPaths = (
			);
			runOnlyForDeploymentPostprocessing = 0;
			shellPath = /bin/sh;
			shellScript = "\"${SRCROOT}/Pods/Target Support Files/Pods/Pods-resources.sh\"\n";
			showEnvVarsInLog = 0;
		};
		1D61235A3CA175BB59610B20 /* Copy Pods Resources */ = {
			isa = PBXShellScriptBuildPhase;
			buildActionMask = 2147483647;
			files = (
			);
			inputPaths = (
			);
			name = "Copy Pods Resources";
			outputPaths = (
			);
			runOnlyForDeploymentPostprocessing = 0;
			shellPath = /bin/sh;
			shellScript = "\"${SRCROOT}/Pods/Target Support Files/Pods-DesignerNewsForObjcTests/Pods-DesignerNewsForObjcTests-resources.sh\"\n";
			showEnvVarsInLog = 0;
		};
		78F3B43F5ECB2C09767BD6EC /* Check Pods Manifest.lock */ = {
			isa = PBXShellScriptBuildPhase;
			buildActionMask = 2147483647;
			files = (
			);
			inputPaths = (
			);
			name = "Check Pods Manifest.lock";
			outputPaths = (
			);
			runOnlyForDeploymentPostprocessing = 0;
			shellPath = /bin/sh;
			shellScript = "diff \"${PODS_ROOT}/../Podfile.lock\" \"${PODS_ROOT}/Manifest.lock\" > /dev/null\nif [[ $? != 0 ]] ; then\n    cat << EOM\nerror: The sandbox is not in sync with the Podfile.lock. Run 'pod install' or update your CocoaPods installation.\nEOM\n    exit 1\nfi\n";
			showEnvVarsInLog = 0;
		};
		A1EEF21061BE9E6E8923A6DD /* Check Pods Manifest.lock */ = {
			isa = PBXShellScriptBuildPhase;
			buildActionMask = 2147483647;
			files = (
			);
			inputPaths = (
			);
			name = "Check Pods Manifest.lock";
			outputPaths = (
			);
			runOnlyForDeploymentPostprocessing = 0;
			shellPath = /bin/sh;
			shellScript = "diff \"${PODS_ROOT}/../Podfile.lock\" \"${PODS_ROOT}/Manifest.lock\" > /dev/null\nif [[ $? != 0 ]] ; then\n    cat << EOM\nerror: The sandbox is not in sync with the Podfile.lock. Run 'pod install' or update your CocoaPods installation.\nEOM\n    exit 1\nfi\n";
			showEnvVarsInLog = 0;
		};
/* End PBXShellScriptBuildPhase section */

/* Begin PBXSourcesBuildPhase section */
		1A5041AD1AC30EF6006D25FC /* Sources */ = {
			isa = PBXSourcesBuildPhase;
			buildActionMask = 2147483647;
			files = (
				1AEF79CC1AC31BBE002DF6D0 /* SpringLabel.swift in Sources */,
				1AEF79C11AC31BBE002DF6D0 /* ImageLoader.swift in Sources */,
				1A30CF7F1ACAA4BB004CA714 /* LoginViewController.m in Sources */,
				1A3ED4D31AC53EBB00F052AE /* StoryViewController.m in Sources */,
				1AEF79C61AC31BBE002DF6D0 /* Misc.swift in Sources */,
				1AEF79BB1AC31BBE002DF6D0 /* DesignableImageView.swift in Sources */,
				1AEF79CB1AC31BBE002DF6D0 /* SpringImageView.swift in Sources */,
				1A5041B71AC30EF6006D25FC /* main.m in Sources */,
				1AE61D341ACCD6AF00A84B96 /* LoginViewModel.m in Sources */,
				1A6B8E351AC8FF030021CDE4 /* MenuViewController.m in Sources */,
				1AEF79C71AC31BBE002DF6D0 /* SoundPlayer.swift in Sources */,
				1AEF79CE1AC31BBE002DF6D0 /* SpringTextView.swift in Sources */,
				1A3ED5101AC6B5F600F052AE /* ArrayDataSource.m in Sources */,
				1AD915781AC3156100B6F6A2 /* AppDelegate.m in Sources */,
				1AEF79C01AC31BBE002DF6D0 /* DesignableView.swift in Sources */,
				1AEF79C91AC31BBE002DF6D0 /* SpringAnimation.swift in Sources */,
				1AEF79C81AC31BBE002DF6D0 /* Spring.swift in Sources */,
				1AEF79C41AC31BBE002DF6D0 /* LoadingView.swift in Sources */,
				1AEF79CD1AC31BBE002DF6D0 /* SpringTextField.swift in Sources */,
				1AEF79BA1AC31BBE002DF6D0 /* DesignableButton.swift in Sources */,
				1AEF79BE1AC31BBE002DF6D0 /* DesignableTextField.swift in Sources */,
				1AEF79B61AC31BBE002DF6D0 /* AsyncButton.swift in Sources */,
				1A6B8E311AC8E6B20021CDE4 /* StoryTableViewCell.m in Sources */,
				1AEF79C31AC31BBE002DF6D0 /* KeyboardLayoutConstraint.swift in Sources */,
				1AE61D391ACCE1FF00A84B96 /* NSString+Check.m in Sources */,
				1AEF79CA1AC31BBE002DF6D0 /* SpringButton.swift in Sources */,
				1A0E492A1ACA70980062F829 /* LearnViewController.m in Sources */,
				1AEF79B71AC31BBE002DF6D0 /* AsyncImageView.swift in Sources */,
				1AEF79BD1AC31BBE002DF6D0 /* DesignableTabBarController.swift in Sources */,
				1AEF79B81AC31BBE002DF6D0 /* AutoTextView.swift in Sources */,
				1A9D3A821AC6E4E800296A0C /* StoryViewModel.m in Sources */,
				1AEF79BF1AC31BBE002DF6D0 /* DesignableTextView.swift in Sources */,
				1AEF79BC1AC31BBE002DF6D0 /* DesignableLabel.swift in Sources */,
				1A9D3A851AC6E96B00296A0C /* Story.m in Sources */,
				1AEF79D21AC31BBE002DF6D0 /* UnwindSegue.swift in Sources */,
				1A5807D41AC6F7FB006F64D0 /* DesignerNewsURL.m in Sources */,
				1A289ED91ACE72B0006BC750 /* LoginClient.m in Sources */,
				1A5807DA1AC70BC9006F64D0 /* StoryClient.m in Sources */,
				1AEF79D01AC31BBE002DF6D0 /* TransitionManager.swift in Sources */,
				1AEF79B91AC31BBE002DF6D0 /* BlurView.swift in Sources */,
				1AEF79CF1AC31BBE002DF6D0 /* SpringView.swift in Sources */,
				1AABBFD11AD26C0900FC86A7 /* LocalStore.m in Sources */,
				1AEF79D11AC31BBE002DF6D0 /* TransitionZoom.swift in Sources */,
			);
			runOnlyForDeploymentPostprocessing = 0;
		};
		1A5041C61AC30EF6006D25FC /* Sources */ = {
			isa = PBXSourcesBuildPhase;
			buildActionMask = 2147483647;
			files = (
				1A5807E31AC7120F006F64D0 /* StoryClientSpec.m in Sources */,
				1A6B8E3F1AC93AB80021CDE4 /* UIBarButtonItem+Specs.m in Sources */,
				1A5807D71AC6F99D006F64D0 /* DesignerNewsURLSpec.m in Sources */,
				1A6B8E411AC93AB80021CDE4 /* UIView+Specs.m in Sources */,
				1A289ED41ACE7168006BC750 /* LearnViewControllerSpec.m in Sources */,
				1AE61D361ACCDB2600A84B96 /* LoginViewModelSpec.m in Sources */,
				1A5807EE1AC824CB006F64D0 /* StorySpec.m in Sources */,
				1A9FEAB81AC9500D006EA4D4 /* UIViewController+Storyboard.m in Sources */,
				1A3ED5171AC6B97300F052AE /* ArrayDataSourceSpec.m in Sources */,
				1A30CF811ACAA6AB004CA714 /* LoginViewControllerSpec.m in Sources */,
				1A6B8E431AC93B4C0021CDE4 /* MenuViewControllerSpec.m in Sources */,
				1A5807F21AC826D3006F64D0 /* TestHelper.m in Sources */,
				1A6B8E401AC93AB80021CDE4 /* UIButton+Specs.m in Sources */,
				1A6B8E371AC924EB0021CDE4 /* StoryViewControllerSpec.m in Sources */,
				1AABBFD41AD26C9C00FC86A7 /* LocalStoreSpec.m in Sources */,
				1A5807FF1AC8B43B006F64D0 /* StoryViewModelSpec.m in Sources */,
				1A289ED61ACE728D006BC750 /* LoginClientSpec.m in Sources */,
			);
			runOnlyForDeploymentPostprocessing = 0;
		};
/* End PBXSourcesBuildPhase section */

/* Begin PBXTargetDependency section */
		1A5041CC1AC30EF6006D25FC /* PBXTargetDependency */ = {
			isa = PBXTargetDependency;
			target = 1A5041B01AC30EF6006D25FC /* DesignerNewsForObjc */;
			targetProxy = 1A5041CB1AC30EF6006D25FC /* PBXContainerItemProxy */;
		};
/* End PBXTargetDependency section */

/* Begin PBXVariantGroup section */
		1A5041BE1AC30EF6006D25FC /* Main.storyboard */ = {
			isa = PBXVariantGroup;
			children = (
				1A5041BF1AC30EF6006D25FC /* Base */,
			);
			name = Main.storyboard;
			sourceTree = "<group>";
		};
		1A5041C31AC30EF6006D25FC /* LaunchScreen.xib */ = {
			isa = PBXVariantGroup;
			children = (
				1A5041C41AC30EF6006D25FC /* Base */,
			);
			name = LaunchScreen.xib;
			sourceTree = "<group>";
		};
/* End PBXVariantGroup section */

/* Begin XCBuildConfiguration section */
		1A5041D21AC30EF6006D25FC /* Debug */ = {
			isa = XCBuildConfiguration;
			buildSettings = {
				ALWAYS_SEARCH_USER_PATHS = NO;
				CLANG_CXX_LANGUAGE_STANDARD = "gnu++0x";
				CLANG_CXX_LIBRARY = "libc++";
				CLANG_ENABLE_MODULES = YES;
				CLANG_ENABLE_OBJC_ARC = YES;
				CLANG_WARN_BOOL_CONVERSION = YES;
				CLANG_WARN_CONSTANT_CONVERSION = YES;
				CLANG_WARN_DIRECT_OBJC_ISA_USAGE = YES_ERROR;
				CLANG_WARN_EMPTY_BODY = YES;
				CLANG_WARN_ENUM_CONVERSION = YES;
				CLANG_WARN_INT_CONVERSION = YES;
				CLANG_WARN_OBJC_ROOT_CLASS = YES_ERROR;
				CLANG_WARN_UNREACHABLE_CODE = YES;
				CLANG_WARN__DUPLICATE_METHOD_MATCH = YES;
				"CODE_SIGN_IDENTITY[sdk=iphoneos*]" = "iPhone Developer";
				COPY_PHASE_STRIP = NO;
				ENABLE_STRICT_OBJC_MSGSEND = YES;
				GCC_C_LANGUAGE_STANDARD = gnu99;
				GCC_DYNAMIC_NO_PIC = NO;
				GCC_OPTIMIZATION_LEVEL = 0;
				GCC_PREPROCESSOR_DEFINITIONS = (
					"DEBUG=1",
					"$(inherited)",
				);
				GCC_SYMBOLS_PRIVATE_EXTERN = NO;
				GCC_WARN_64_TO_32_BIT_CONVERSION = YES;
				GCC_WARN_ABOUT_RETURN_TYPE = YES_ERROR;
				GCC_WARN_UNDECLARED_SELECTOR = YES;
				GCC_WARN_UNINITIALIZED_AUTOS = YES_AGGRESSIVE;
				GCC_WARN_UNUSED_FUNCTION = YES;
				GCC_WARN_UNUSED_VARIABLE = YES;
				IPHONEOS_DEPLOYMENT_TARGET = 7.0;
				MTL_ENABLE_DEBUG_INFO = YES;
				ONLY_ACTIVE_ARCH = YES;
				SDKROOT = iphoneos;
				SWIFT_OBJC_BRIDGING_HEADER = "DesignerNewsForObjc/DesignerNewsForObjc-Bridging-Header.h";
				TARGETED_DEVICE_FAMILY = "1,2";
			};
			name = Debug;
		};
		1A5041D31AC30EF6006D25FC /* Release */ = {
			isa = XCBuildConfiguration;
			buildSettings = {
				ALWAYS_SEARCH_USER_PATHS = NO;
				CLANG_CXX_LANGUAGE_STANDARD = "gnu++0x";
				CLANG_CXX_LIBRARY = "libc++";
				CLANG_ENABLE_MODULES = YES;
				CLANG_ENABLE_OBJC_ARC = YES;
				CLANG_WARN_BOOL_CONVERSION = YES;
				CLANG_WARN_CONSTANT_CONVERSION = YES;
				CLANG_WARN_DIRECT_OBJC_ISA_USAGE = YES_ERROR;
				CLANG_WARN_EMPTY_BODY = YES;
				CLANG_WARN_ENUM_CONVERSION = YES;
				CLANG_WARN_INT_CONVERSION = YES;
				CLANG_WARN_OBJC_ROOT_CLASS = YES_ERROR;
				CLANG_WARN_UNREACHABLE_CODE = YES;
				CLANG_WARN__DUPLICATE_METHOD_MATCH = YES;
				"CODE_SIGN_IDENTITY[sdk=iphoneos*]" = "iPhone Developer";
				COPY_PHASE_STRIP = NO;
				ENABLE_NS_ASSERTIONS = NO;
				ENABLE_STRICT_OBJC_MSGSEND = YES;
				GCC_C_LANGUAGE_STANDARD = gnu99;
				GCC_WARN_64_TO_32_BIT_CONVERSION = YES;
				GCC_WARN_ABOUT_RETURN_TYPE = YES_ERROR;
				GCC_WARN_UNDECLARED_SELECTOR = YES;
				GCC_WARN_UNINITIALIZED_AUTOS = YES_AGGRESSIVE;
				GCC_WARN_UNUSED_FUNCTION = YES;
				GCC_WARN_UNUSED_VARIABLE = YES;
				IPHONEOS_DEPLOYMENT_TARGET = 7.0;
				MTL_ENABLE_DEBUG_INFO = NO;
				SDKROOT = iphoneos;
				SWIFT_OBJC_BRIDGING_HEADER = "DesignerNewsForObjc/DesignerNewsForObjc-Bridging-Header.h";
				TARGETED_DEVICE_FAMILY = "1,2";
				VALIDATE_PRODUCT = YES;
			};
			name = Release;
		};
		1A5041D51AC30EF6006D25FC /* Debug */ = {
			isa = XCBuildConfiguration;
			baseConfigurationReference = 765A3C355515DD43D61D720E /* Pods.debug.xcconfig */;
			buildSettings = {
				ASSETCATALOG_COMPILER_APPICON_NAME = AppIcon;
				DEFINES_MODULE = YES;
				GCC_PREPROCESSOR_DEFINITIONS = (
					"$(inherited)",
					"COCOAPODS=1",
					"TEST=1",
				);
				INFOPLIST_FILE = DesignerNewsForObjc/Info.plist;
				IPHONEOS_DEPLOYMENT_TARGET = 8.0;
				LD_RUNPATH_SEARCH_PATHS = "$(inherited) @executable_path/Frameworks";
				PRODUCT_NAME = "$(TARGET_NAME)";
				RUN_CLANG_STATIC_ANALYZER = YES;
			};
			name = Debug;
		};
		1A5041D61AC30EF6006D25FC /* Release */ = {
			isa = XCBuildConfiguration;
			baseConfigurationReference = 40354FAF7872E7D0903278A0 /* Pods.release.xcconfig */;
			buildSettings = {
				ASSETCATALOG_COMPILER_APPICON_NAME = AppIcon;
				DEFINES_MODULE = YES;
				GCC_PREPROCESSOR_DEFINITIONS = (
					"$(inherited)",
					"COCOAPODS=1",
				);
				INFOPLIST_FILE = DesignerNewsForObjc/Info.plist;
				IPHONEOS_DEPLOYMENT_TARGET = 8.0;
				LD_RUNPATH_SEARCH_PATHS = "$(inherited) @executable_path/Frameworks";
				PRODUCT_NAME = "$(TARGET_NAME)";
				RUN_CLANG_STATIC_ANALYZER = YES;
			};
			name = Release;
		};
		1A5041D81AC30EF6006D25FC /* Debug */ = {
			isa = XCBuildConfiguration;
			baseConfigurationReference = 5B2573347BF7A3996ED92B97 /* Pods-DesignerNewsForObjcTests.debug.xcconfig */;
			buildSettings = {
				BUNDLE_LOADER = "$(TEST_HOST)";
				FRAMEWORK_SEARCH_PATHS = (
					"$(SDKROOT)/Developer/Library/Frameworks",
					"$(inherited)",
				);
				GCC_PREPROCESSOR_DEFINITIONS = (
					"DEBUG=1",
					"$(inherited)",
				);
				HEADER_SEARCH_PATHS = (
					"$(inherited)",
					"\"${PODS_ROOT}/Headers/Public\"",
					"\"${PODS_ROOT}/Headers/Public/AFNetworking\"",
					"\"${PODS_ROOT}/Headers/Public/Kiwi\"",
					"\"${PODS_ROOT}/Headers/Public/Mantle\"",
					"\"${PODS_ROOT}/Headers/Public/ReactiveCocoa\"",
					"\"${PODS_ROOT}/Headers/Public/ReactiveViewModel\"",
					"\"${PODS_ROOT}/Headers/Public/TPKeyboardAvoiding\"",
					"$(TARGET_TEMP_DIR)/../$(PROJECT_NAME).build/DerivedSources",
				);
				INFOPLIST_FILE = DesignerNewsForObjcTests/Info.plist;
				LD_RUNPATH_SEARCH_PATHS = "$(inherited) @executable_path/Frameworks @loader_path/Frameworks";
				PRODUCT_NAME = "$(TARGET_NAME)";
				TEST_HOST = "$(BUILT_PRODUCTS_DIR)/DesignerNewsForObjc.app/DesignerNewsForObjc";
			};
			name = Debug;
		};
		1A5041D91AC30EF6006D25FC /* Release */ = {
			isa = XCBuildConfiguration;
			baseConfigurationReference = C761B2A220FDE842F992ABB0 /* Pods-DesignerNewsForObjcTests.release.xcconfig */;
			buildSettings = {
				BUNDLE_LOADER = "$(TEST_HOST)";
				FRAMEWORK_SEARCH_PATHS = (
					"$(SDKROOT)/Developer/Library/Frameworks",
					"$(inherited)",
				);
				GCC_PREPROCESSOR_DEFINITIONS = (
					"$(inherited)",
					"COCOAPODS=1",
				);
				HEADER_SEARCH_PATHS = (
					"$(inherited)",
					"\"${PODS_ROOT}/Headers/Public\"",
					"\"${PODS_ROOT}/Headers/Public/AFNetworking\"",
					"\"${PODS_ROOT}/Headers/Public/Kiwi\"",
					"\"${PODS_ROOT}/Headers/Public/Mantle\"",
					"\"${PODS_ROOT}/Headers/Public/ReactiveCocoa\"",
					"\"${PODS_ROOT}/Headers/Public/ReactiveViewModel\"",
					"\"${PODS_ROOT}/Headers/Public/TPKeyboardAvoiding\"",
					"$(TARGET_TEMP_DIR)/../$(PROJECT_NAME).build/DerivedSources",
				);
				INFOPLIST_FILE = DesignerNewsForObjcTests/Info.plist;
				LD_RUNPATH_SEARCH_PATHS = "$(inherited) @executable_path/Frameworks @loader_path/Frameworks";
				PRODUCT_NAME = "$(TARGET_NAME)";
				TEST_HOST = "$(BUILT_PRODUCTS_DIR)/DesignerNewsForObjc.app/DesignerNewsForObjc";
			};
			name = Release;
		};
/* End XCBuildConfiguration section */

/* Begin XCConfigurationList section */
		1A5041AC1AC30EF6006D25FC /* Build configuration list for PBXProject "DesignerNewsForObjc" */ = {
			isa = XCConfigurationList;
			buildConfigurations = (
				1A5041D21AC30EF6006D25FC /* Debug */,
				1A5041D31AC30EF6006D25FC /* Release */,
			);
			defaultConfigurationIsVisible = 0;
			defaultConfigurationName = Release;
		};
		1A5041D41AC30EF6006D25FC /* Build configuration list for PBXNativeTarget "DesignerNewsForObjc" */ = {
			isa = XCConfigurationList;
			buildConfigurations = (
				1A5041D51AC30EF6006D25FC /* Debug */,
				1A5041D61AC30EF6006D25FC /* Release */,
			);
			defaultConfigurationIsVisible = 0;
			defaultConfigurationName = Release;
		};
		1A5041D71AC30EF6006D25FC /* Build configuration list for PBXNativeTarget "DesignerNewsForObjcTests" */ = {
			isa = XCConfigurationList;
			buildConfigurations = (
				1A5041D81AC30EF6006D25FC /* Debug */,
				1A5041D91AC30EF6006D25FC /* Release */,
			);
			defaultConfigurationIsVisible = 0;
			defaultConfigurationName = Release;
		};
/* End XCConfigurationList section */
	};
	rootObject = 1A5041A91AC30EF6006D25FC /* Project object */;
}
