// !$*UTF8*$!
{
	archiveVersion = 1;
	classes = {
	};
	objectVersion = 46;
	objects = {

/* Begin PBXBuildFile section */
		1A5041B71AC30EF6006D25FC /* main.m in Sources */ = {isa = PBXBuildFile; fileRef = 1A5041B61AC30EF6006D25FC /* main.m */; };
		1A5041C01AC30EF6006D25FC /* Main.storyboard in Resources */ = {isa = PBXBuildFile; fileRef = 1A5041BE1AC30EF6006D25FC /* Main.storyboard */; };
		1A5041C21AC30EF6006D25FC /* Images.xcassets in Resources */ = {isa = PBXBuildFile; fileRef = 1A5041C11AC30EF6006D25FC /* Images.xcassets */; };
		1A5041C51AC30EF6006D25FC /* LaunchScreen.xib in Resources */ = {isa = PBXBuildFile; fileRef = 1A5041C31AC30EF6006D25FC /* LaunchScreen.xib */; };
		1A5041D11AC30EF6006D25FC /* DesignerNewsForObjcTests.m in Sources */ = {isa = PBXBuildFile; fileRef = 1A5041D01AC30EF6006D25FC /* DesignerNewsForObjcTests.m */; };
		1AD915781AC3156100B6F6A2 /* AppDelegate.m in Sources */ = {isa = PBXBuildFile; fileRef = 1AD915771AC3156100B6F6A2 /* AppDelegate.m */; };
/* End PBXBuildFile section */

/* Begin PBXContainerItemProxy section */
		1A5041CB1AC30EF6006D25FC /* PBXContainerItemProxy */ = {
			isa = PBXContainerItemProxy;
			containerPortal = 1A5041A91AC30EF6006D25FC /* Project object */;
			proxyType = 1;
			remoteGlobalIDString = 1A5041B01AC30EF6006D25FC;
			remoteInfo = DesignerNewsForObjc;
		};
/* End PBXContainerItemProxy section */

/* Begin PBXFileReference section */
		1A5041B11AC30EF6006D25FC /* DesignerNewsForObjc.app */ = {isa = PBXFileReference; explicitFileType = wrapper.application; includeInIndex = 0; path = DesignerNewsForObjc.app; sourceTree = BUILT_PRODUCTS_DIR; };
		1A5041B51AC30EF6006D25FC /* Info.plist */ = {isa = PBXFileReference; lastKnownFileType = text.plist.xml; path = Info.plist; sourceTree = "<group>"; };
		1A5041B61AC30EF6006D25FC /* main.m */ = {isa = PBXFileReference; lastKnownFileType = sourcecode.c.objc; path = main.m; sourceTree = "<group>"; };
		1A5041BF1AC30EF6006D25FC /* Base */ = {isa = PBXFileReference; lastKnownFileType = file.storyboard; name = Base; path = Base.lproj/Main.storyboard; sourceTree = "<group>"; };
		1A5041C11AC30EF6006D25FC /* Images.xcassets */ = {isa = PBXFileReference; lastKnownFileType = folder.assetcatalog; path = Images.xcassets; sourceTree = "<group>"; };
		1A5041C41AC30EF6006D25FC /* Base */ = {isa = PBXFileReference; lastKnownFileType = file.xib; name = Base; path = Base.lproj/LaunchScreen.xib; sourceTree = "<group>"; };
		1A5041CA1AC30EF6006D25FC /* DesignerNewsForObjcTests.xctest */ = {isa = PBXFileReference; explicitFileType = wrapper.cfbundle; includeInIndex = 0; path = DesignerNewsForObjcTests.xctest; sourceTree = BUILT_PRODUCTS_DIR; };
		1A5041CF1AC30EF6006D25FC /* Info.plist */ = {isa = PBXFileReference; lastKnownFileType = text.plist.xml; path = Info.plist; sourceTree = "<group>"; };
		1A5041D01AC30EF6006D25FC /* DesignerNewsForObjcTests.m */ = {isa = PBXFileReference; lastKnownFileType = sourcecode.c.objc; path = DesignerNewsForObjcTests.m; sourceTree = "<group>"; };
		1AD915761AC3156100B6F6A2 /* AppDelegate.h */ = {isa = PBXFileReference; fileEncoding = 4; lastKnownFileType = sourcecode.c.h; path = AppDelegate.h; sourceTree = "<group>"; };
		1AD915771AC3156100B6F6A2 /* AppDelegate.m */ = {isa = PBXFileReference; fileEncoding = 4; lastKnownFileType = sourcecode.c.objc; path = AppDelegate.m; sourceTree = "<group>"; };
/* End PBXFileReference section */

/* Begin PBXFrameworksBuildPhase section */
		1A5041AE1AC30EF6006D25FC /* Frameworks */ = {
			isa = PBXFrameworksBuildPhase;
			buildActionMask = 2147483647;
			files = (
			);
			runOnlyForDeploymentPostprocessing = 0;
		};
		1A5041C71AC30EF6006D25FC /* Frameworks */ = {
			isa = PBXFrameworksBuildPhase;
			buildActionMask = 2147483647;
			files = (
			);
			runOnlyForDeploymentPostprocessing = 0;
		};
/* End PBXFrameworksBuildPhase section */

/* Begin PBXGroup section */
		1A5041A81AC30EF6006D25FC = {
			isa = PBXGroup;
			children = (
				1A5041B31AC30EF6006D25FC /* DesignerNewsForObjc */,
				1A5041CD1AC30EF6006D25FC /* DesignerNewsForObjcTests */,
				1A5041B21AC30EF6006D25FC /* Products */,
			);
			sourceTree = "<group>";
		};
		1A5041B21AC30EF6006D25FC /* Products */ = {
			isa = PBXGroup;
			children = (
				1A5041B11AC30EF6006D25FC /* DesignerNewsForObjc.app */,
				1A5041CA1AC30EF6006D25FC /* DesignerNewsForObjcTests.xctest */,
			);
			name = Products;
			sourceTree = "<group>";
		};
		1A5041B31AC30EF6006D25FC /* DesignerNewsForObjc */ = {
			isa = PBXGroup;
			children = (
				1AD915751AC3156100B6F6A2 /* AppDelegate */,
				1AD915791AC3159E00B6F6A2 /* Storyboard */,
				1AD915811AC3167300B6F6A2 /* Sections */,
				1AD9157A1AC3167300B6F6A2 /* General */,
				1AD9157F1AC3167300B6F6A2 /* Helpers */,
				1AD915801AC3167300B6F6A2 /* Macro */,
				1AD915821AC3167300B6F6A2 /* Vendors */,
				1A5041C11AC30EF6006D25FC /* Images.xcassets */,
				1A5041B41AC30EF6006D25FC /* Supporting Files */,
			);
			path = DesignerNewsForObjc;
			sourceTree = "<group>";
		};
		1A5041B41AC30EF6006D25FC /* Supporting Files */ = {
			isa = PBXGroup;
			children = (
				1A5041B51AC30EF6006D25FC /* Info.plist */,
				1A5041B61AC30EF6006D25FC /* main.m */,
			);
			name = "Supporting Files";
			sourceTree = "<group>";
		};
		1A5041CD1AC30EF6006D25FC /* DesignerNewsForObjcTests */ = {
			isa = PBXGroup;
			children = (
				1A5041D01AC30EF6006D25FC /* DesignerNewsForObjcTests.m */,
				1A5041CE1AC30EF6006D25FC /* Supporting Files */,
			);
			path = DesignerNewsForObjcTests;
			sourceTree = "<group>";
		};
		1A5041CE1AC30EF6006D25FC /* Supporting Files */ = {
			isa = PBXGroup;
			children = (
				1A5041CF1AC30EF6006D25FC /* Info.plist */,
			);
			name = "Supporting Files";
			sourceTree = "<group>";
		};
		1AD915751AC3156100B6F6A2 /* AppDelegate */ = {
			isa = PBXGroup;
			children = (
				1AD915761AC3156100B6F6A2 /* AppDelegate.h */,
				1AD915771AC3156100B6F6A2 /* AppDelegate.m */,
			);
			path = AppDelegate;
			sourceTree = "<group>";
		};
		1AD915791AC3159E00B6F6A2 /* Storyboard */ = {
			isa = PBXGroup;
			children = (
				1A5041BE1AC30EF6006D25FC /* Main.storyboard */,
				1A5041C31AC30EF6006D25FC /* LaunchScreen.xib */,
			);
			name = Storyboard;
			sourceTree = "<group>";
		};
		1AD9157A1AC3167300B6F6A2 /* General */ = {
			isa = PBXGroup;
			children = (
				1AD9157B1AC3167300B6F6A2 /* Categories */,
				1AD9157C1AC3167300B6F6A2 /* DataSources */,
				1AD9157D1AC3167300B6F6A2 /* Delegates */,
				1AD9157E1AC3167300B6F6A2 /* Views */,
			);
			path = General;
			sourceTree = "<group>";
		};
		1AD9157B1AC3167300B6F6A2 /* Categories */ = {
			isa = PBXGroup;
			children = (
			);
			path = Categories;
			sourceTree = "<group>";
		};
		1AD9157C1AC3167300B6F6A2 /* DataSources */ = {
			isa = PBXGroup;
			children = (
			);
			path = DataSources;
			sourceTree = "<group>";
		};
		1AD9157D1AC3167300B6F6A2 /* Delegates */ = {
			isa = PBXGroup;
			children = (
			);
			path = Delegates;
			sourceTree = "<group>";
		};
		1AD9157E1AC3167300B6F6A2 /* Views */ = {
			isa = PBXGroup;
			children = (
			);
			path = Views;
			sourceTree = "<group>";
		};
		1AD9157F1AC3167300B6F6A2 /* Helpers */ = {
			isa = PBXGroup;
			children = (
			);
			path = Helpers;
			sourceTree = "<group>";
		};
		1AD915801AC3167300B6F6A2 /* Macro */ = {
			isa = PBXGroup;
			children = (
			);
			path = Macro;
			sourceTree = "<group>";
		};
		1AD915811AC3167300B6F6A2 /* Sections */ = {
			isa = PBXGroup;
			children = (
			);
			path = Sections;
			sourceTree = "<group>";
		};
		1AD915821AC3167300B6F6A2 /* Vendors */ = {
			isa = PBXGroup;
			children = (
			);
			path = Vendors;
			sourceTree = "<group>";
		};
/* End PBXGroup section */

/* Begin PBXNativeTarget section */
		1A5041B01AC30EF6006D25FC /* DesignerNewsForObjc */ = {
			isa = PBXNativeTarget;
			buildConfigurationList = 1A5041D41AC30EF6006D25FC /* Build configuration list for PBXNativeTarget "DesignerNewsForObjc" */;
			buildPhases = (
				1A5041AD1AC30EF6006D25FC /* Sources */,
				1A5041AE1AC30EF6006D25FC /* Frameworks */,
				1A5041AF1AC30EF6006D25FC /* Resources */,
			);
			buildRules = (
			);
			dependencies = (
			);
			name = DesignerNewsForObjc;
			productName = DesignerNewsForObjc;
			productReference = 1A5041B11AC30EF6006D25FC /* DesignerNewsForObjc.app */;
			productType = "com.apple.product-type.application";
		};
		1A5041C91AC30EF6006D25FC /* DesignerNewsForObjcTests */ = {
			isa = PBXNativeTarget;
			buildConfigurationList = 1A5041D71AC30EF6006D25FC /* Build configuration list for PBXNativeTarget "DesignerNewsForObjcTests" */;
			buildPhases = (
				1A5041C61AC30EF6006D25FC /* Sources */,
				1A5041C71AC30EF6006D25FC /* Frameworks */,
				1A5041C81AC30EF6006D25FC /* Resources */,
			);
			buildRules = (
			);
			dependencies = (
				1A5041CC1AC30EF6006D25FC /* PBXTargetDependency */,
			);
			name = DesignerNewsForObjcTests;
			productName = DesignerNewsForObjcTests;
			productReference = 1A5041CA1AC30EF6006D25FC /* DesignerNewsForObjcTests.xctest */;
			productType = "com.apple.product-type.bundle.unit-test";
		};
/* End PBXNativeTarget section */

/* Begin PBXProject section */
		1A5041A91AC30EF6006D25FC /* Project object */ = {
			isa = PBXProject;
			attributes = {
				LastUpgradeCheck = 0620;
				ORGANIZATIONNAME = "Sam Lau";
				TargetAttributes = {
					1A5041B01AC30EF6006D25FC = {
						CreatedOnToolsVersion = 6.2;
					};
					1A5041C91AC30EF6006D25FC = {
						CreatedOnToolsVersion = 6.2;
						TestTargetID = 1A5041B01AC30EF6006D25FC;
					};
				};
			};
			buildConfigurationList = 1A5041AC1AC30EF6006D25FC /* Build configuration list for PBXProject "DesignerNewsForObjc" */;
			compatibilityVersion = "Xcode 3.2";
			developmentRegion = English;
			hasScannedForEncodings = 0;
			knownRegions = (
				en,
				Base,
			);
			mainGroup = 1A5041A81AC30EF6006D25FC;
			productRefGroup = 1A5041B21AC30EF6006D25FC /* Products */;
			projectDirPath = "";
			projectRoot = "";
			targets = (
				1A5041B01AC30EF6006D25FC /* DesignerNewsForObjc */,
				1A5041C91AC30EF6006D25FC /* DesignerNewsForObjcTests */,
			);
		};
/* End PBXProject section */

/* Begin PBXResourcesBuildPhase section */
		1A5041AF1AC30EF6006D25FC /* Resources */ = {
			isa = PBXResourcesBuildPhase;
			buildActionMask = 2147483647;
			files = (
				1A5041C01AC30EF6006D25FC /* Main.storyboard in Resources */,
				1A5041C51AC30EF6006D25FC /* LaunchScreen.xib in Resources */,
				1A5041C21AC30EF6006D25FC /* Images.xcassets in Resources */,
			);
			runOnlyForDeploymentPostprocessing = 0;
		};
		1A5041C81AC30EF6006D25FC /* Resources */ = {
			isa = PBXResourcesBuildPhase;
			buildActionMask = 2147483647;
			files = (
			);
			runOnlyForDeploymentPostprocessing = 0;
		};
/* End PBXResourcesBuildPhase section */

/* Begin PBXSourcesBuildPhase section */
		1A5041AD1AC30EF6006D25FC /* Sources */ = {
			isa = PBXSourcesBuildPhase;
			buildActionMask = 2147483647;
			files = (
				1A5041B71AC30EF6006D25FC /* main.m in Sources */,
				1AD915781AC3156100B6F6A2 /* AppDelegate.m in Sources */,
			);
			runOnlyForDeploymentPostprocessing = 0;
		};
		1A5041C61AC30EF6006D25FC /* Sources */ = {
			isa = PBXSourcesBuildPhase;
			buildActionMask = 2147483647;
			files = (
				1A5041D11AC30EF6006D25FC /* DesignerNewsForObjcTests.m in Sources */,
			);
			runOnlyForDeploymentPostprocessing = 0;
		};
/* End PBXSourcesBuildPhase section */

/* Begin PBXTargetDependency section */
		1A5041CC1AC30EF6006D25FC /* PBXTargetDependency */ = {
			isa = PBXTargetDependency;
			target = 1A5041B01AC30EF6006D25FC /* DesignerNewsForObjc */;
			targetProxy = 1A5041CB1AC30EF6006D25FC /* PBXContainerItemProxy */;
		};
/* End PBXTargetDependency section */

/* Begin PBXVariantGroup section */
		1A5041BE1AC30EF6006D25FC /* Main.storyboard */ = {
			isa = PBXVariantGroup;
			children = (
				1A5041BF1AC30EF6006D25FC /* Base */,
			);
			name = Main.storyboard;
			sourceTree = "<group>";
		};
		1A5041C31AC30EF6006D25FC /* LaunchScreen.xib */ = {
			isa = PBXVariantGroup;
			children = (
				1A5041C41AC30EF6006D25FC /* Base */,
			);
			name = LaunchScreen.xib;
			sourceTree = "<group>";
		};
/* End PBXVariantGroup section */

/* Begin XCBuildConfiguration section */
		1A5041D21AC30EF6006D25FC /* Debug */ = {
			isa = XCBuildConfiguration;
			buildSettings = {
				ALWAYS_SEARCH_USER_PATHS = NO;
				CLANG_CXX_LANGUAGE_STANDARD = "gnu++0x";
				CLANG_CXX_LIBRARY = "libc++";
				CLANG_ENABLE_MODULES = YES;
				CLANG_ENABLE_OBJC_ARC = YES;
				CLANG_WARN_BOOL_CONVERSION = YES;
				CLANG_WARN_CONSTANT_CONVERSION = YES;
				CLANG_WARN_DIRECT_OBJC_ISA_USAGE = YES_ERROR;
				CLANG_WARN_EMPTY_BODY = YES;
				CLANG_WARN_ENUM_CONVERSION = YES;
				CLANG_WARN_INT_CONVERSION = YES;
				CLANG_WARN_OBJC_ROOT_CLASS = YES_ERROR;
				CLANG_WARN_UNREACHABLE_CODE = YES;
				CLANG_WARN__DUPLICATE_METHOD_MATCH = YES;
				"CODE_SIGN_IDENTITY[sdk=iphoneos*]" = "iPhone Developer";
				COPY_PHASE_STRIP = NO;
				ENABLE_STRICT_OBJC_MSGSEND = YES;
				GCC_C_LANGUAGE_STANDARD = gnu99;
				GCC_DYNAMIC_NO_PIC = NO;
				GCC_OPTIMIZATION_LEVEL = 0;
				GCC_PREPROCESSOR_DEFINITIONS = (
					"DEBUG=1",
					"$(inherited)",
				);
				GCC_SYMBOLS_PRIVATE_EXTERN = NO;
				GCC_WARN_64_TO_32_BIT_CONVERSION = YES;
				GCC_WARN_ABOUT_RETURN_TYPE = YES_ERROR;
				GCC_WARN_UNDECLARED_SELECTOR = YES;
				GCC_WARN_UNINITIALIZED_AUTOS = YES_AGGRESSIVE;
				GCC_WARN_UNUSED_FUNCTION = YES;
				GCC_WARN_UNUSED_VARIABLE = YES;
				IPHONEOS_DEPLOYMENT_TARGET = 8.2;
				MTL_ENABLE_DEBUG_INFO = YES;
				ONLY_ACTIVE_ARCH = YES;
				SDKROOT = iphoneos;
				TARGETED_DEVICE_FAMILY = "1,2";
			};
			name = Debug;
		};
		1A5041D31AC30EF6006D25FC /* Release */ = {
			isa = XCBuildConfiguration;
			buildSettings = {
				ALWAYS_SEARCH_USER_PATHS = NO;
				CLANG_CXX_LANGUAGE_STANDARD = "gnu++0x";
				CLANG_CXX_LIBRARY = "libc++";
				CLANG_ENABLE_MODULES = YES;
				CLANG_ENABLE_OBJC_ARC = YES;
				CLANG_WARN_BOOL_CONVERSION = YES;
				CLANG_WARN_CONSTANT_CONVERSION = YES;
				CLANG_WARN_DIRECT_OBJC_ISA_USAGE = YES_ERROR;
				CLANG_WARN_EMPTY_BODY = YES;
				CLANG_WARN_ENUM_CONVERSION = YES;
				CLANG_WARN_INT_CONVERSION = YES;
				CLANG_WARN_OBJC_ROOT_CLASS = YES_ERROR;
				CLANG_WARN_UNREACHABLE_CODE = YES;
				CLANG_WARN__DUPLICATE_METHOD_MATCH = YES;
				"CODE_SIGN_IDENTITY[sdk=iphoneos*]" = "iPhone Developer";
				COPY_PHASE_STRIP = NO;
				ENABLE_NS_ASSERTIONS = NO;
				ENABLE_STRICT_OBJC_MSGSEND = YES;
				GCC_C_LANGUAGE_STANDARD = gnu99;
				GCC_WARN_64_TO_32_BIT_CONVERSION = YES;
				GCC_WARN_ABOUT_RETURN_TYPE = YES_ERROR;
				GCC_WARN_UNDECLARED_SELECTOR = YES;
				GCC_WARN_UNINITIALIZED_AUTOS = YES_AGGRESSIVE;
				GCC_WARN_UNUSED_FUNCTION = YES;
				GCC_WARN_UNUSED_VARIABLE = YES;
				IPHONEOS_DEPLOYMENT_TARGET = 8.2;
				MTL_ENABLE_DEBUG_INFO = NO;
				SDKROOT = iphoneos;
				TARGETED_DEVICE_FAMILY = "1,2";
				VALIDATE_PRODUCT = YES;
			};
			name = Release;
		};
		1A5041D51AC30EF6006D25FC /* Debug */ = {
			isa = XCBuildConfiguration;
			buildSettings = {
				ASSETCATALOG_COMPILER_APPICON_NAME = AppIcon;
				INFOPLIST_FILE = DesignerNewsForObjc/Info.plist;
				IPHONEOS_DEPLOYMENT_TARGET = 7.0;
				LD_RUNPATH_SEARCH_PATHS = "$(inherited) @executable_path/Frameworks";
				PRODUCT_NAME = "$(TARGET_NAME)";
				RUN_CLANG_STATIC_ANALYZER = YES;
			};
			name = Debug;
		};
		1A5041D61AC30EF6006D25FC /* Release */ = {
			isa = XCBuildConfiguration;
			buildSettings = {
				ASSETCATALOG_COMPILER_APPICON_NAME = AppIcon;
				INFOPLIST_FILE = DesignerNewsForObjc/Info.plist;
				IPHONEOS_DEPLOYMENT_TARGET = 7.0;
				LD_RUNPATH_SEARCH_PATHS = "$(inherited) @executable_path/Frameworks";
				PRODUCT_NAME = "$(TARGET_NAME)";
				RUN_CLANG_STATIC_ANALYZER = YES;
			};
			name = Release;
		};
		1A5041D81AC30EF6006D25FC /* Debug */ = {
			isa = XCBuildConfiguration;
			buildSettings = {
				BUNDLE_LOADER = "$(TEST_HOST)";
				FRAMEWORK_SEARCH_PATHS = (
					"$(SDKROOT)/Developer/Library/Frameworks",
					"$(inherited)",
				);
				GCC_PREPROCESSOR_DEFINITIONS = (
					"DEBUG=1",
					"$(inherited)",
				);
				INFOPLIST_FILE = DesignerNewsForObjcTests/Info.plist;
				LD_RUNPATH_SEARCH_PATHS = "$(inherited) @executable_path/Frameworks @loader_path/Frameworks";
				PRODUCT_NAME = "$(TARGET_NAME)";
				TEST_HOST = "$(BUILT_PRODUCTS_DIR)/DesignerNewsForObjc.app/DesignerNewsForObjc";
			};
			name = Debug;
		};
		1A5041D91AC30EF6006D25FC /* Release */ = {
			isa = XCBuildConfiguration;
			buildSettings = {
				BUNDLE_LOADER = "$(TEST_HOST)";
				FRAMEWORK_SEARCH_PATHS = (
					"$(SDKROOT)/Developer/Library/Frameworks",
					"$(inherited)",
				);
				INFOPLIST_FILE = DesignerNewsForObjcTests/Info.plist;
				LD_RUNPATH_SEARCH_PATHS = "$(inherited) @executable_path/Frameworks @loader_path/Frameworks";
				PRODUCT_NAME = "$(TARGET_NAME)";
				TEST_HOST = "$(BUILT_PRODUCTS_DIR)/DesignerNewsForObjc.app/DesignerNewsForObjc";
			};
			name = Release;
		};
/* End XCBuildConfiguration section */

/* Begin XCConfigurationList section */
		1A5041AC1AC30EF6006D25FC /* Build configuration list for PBXProject "DesignerNewsForObjc" */ = {
			isa = XCConfigurationList;
			buildConfigurations = (
				1A5041D21AC30EF6006D25FC /* Debug */,
				1A5041D31AC30EF6006D25FC /* Release */,
			);
			defaultConfigurationIsVisible = 0;
			defaultConfigurationName = Release;
		};
		1A5041D41AC30EF6006D25FC /* Build configuration list for PBXNativeTarget "DesignerNewsForObjc" */ = {
			isa = XCConfigurationList;
			buildConfigurations = (
				1A5041D51AC30EF6006D25FC /* Debug */,
				1A5041D61AC30EF6006D25FC /* Release */,
			);
			defaultConfigurationIsVisible = 0;
			defaultConfigurationName = Release;
		};
		1A5041D71AC30EF6006D25FC /* Build configuration list for PBXNativeTarget "DesignerNewsForObjcTests" */ = {
			isa = XCConfigurationList;
			buildConfigurations = (
				1A5041D81AC30EF6006D25FC /* Debug */,
				1A5041D91AC30EF6006D25FC /* Release */,
			);
			defaultConfigurationIsVisible = 0;
			defaultConfigurationName = Release;
		};
/* End XCConfigurationList section */
	};
	rootObject = 1A5041A91AC30EF6006D25FC /* Project object */;
}
